// !$*UTF8*$!
{
	archiveVersion = 1;
	classes = {
	};
	objectVersion = 51;
	objects = {

/* Begin PBXBuildFile section */
		0605D6722589541D006E38D8 /* MyFavoritesVC.swift in Sources */ = {isa = PBXBuildFile; fileRef = 0605D6712589541D006E38D8 /* MyFavoritesVC.swift */; };
		0605D6742589544F006E38D8 /* MyFavoritesView.swift in Sources */ = {isa = PBXBuildFile; fileRef = 0605D6732589544F006E38D8 /* MyFavoritesView.swift */; };
		0605D67625895473006E38D8 /* MyFavorites.storyboard in Resources */ = {isa = PBXBuildFile; fileRef = 0605D67525895473006E38D8 /* MyFavorites.storyboard */; };
		0605D678258954E1006E38D8 /* MyFavoritesViewModel.swift in Sources */ = {isa = PBXBuildFile; fileRef = 0605D677258954E1006E38D8 /* MyFavoritesViewModel.swift */; };
		0605D67C258959F3006E38D8 /* MyFavoriteCell.swift in Sources */ = {isa = PBXBuildFile; fileRef = 0605D67A258959F3006E38D8 /* MyFavoriteCell.swift */; };
		0605D67D258959F3006E38D8 /* MyFavoriteCell.xib in Resources */ = {isa = PBXBuildFile; fileRef = 0605D67B258959F3006E38D8 /* MyFavoriteCell.xib */; };
		0605D67F2589B602006E38D8 /* CustomButton.swift in Sources */ = {isa = PBXBuildFile; fileRef = 0605D67E2589B602006E38D8 /* CustomButton.swift */; };
		06064CEA2582C693006ADB86 /* AssetsManager.swift in Sources */ = {isa = PBXBuildFile; fileRef = 06064CE92582C693006ADB86 /* AssetsManager.swift */; };
		061D001C25A9F2E30007473D /* EditProfile.storyboard in Resources */ = {isa = PBXBuildFile; fileRef = 061D001B25A9F2E30007473D /* EditProfile.storyboard */; };
		061D001F25A9F9860007473D /* EditProfileVC.swift in Sources */ = {isa = PBXBuildFile; fileRef = 061D001E25A9F9860007473D /* EditProfileVC.swift */; };
		061D002325A9F9F20007473D /* EditProfileView.swift in Sources */ = {isa = PBXBuildFile; fileRef = 061D002225A9F9F20007473D /* EditProfileView.swift */; };
		06264484259A53F000279C7C /* CategoryCellViewModel.swift in Sources */ = {isa = PBXBuildFile; fileRef = 06264483259A53F000279C7C /* CategoryCellViewModel.swift */; };
		06264490259A606A00279C7C /* LaunchScreen.storyboard in Resources */ = {isa = PBXBuildFile; fileRef = 0626448F259A606A00279C7C /* LaunchScreen.storyboard */; };
		062FDF5C257E669B00949D54 /* AppDelegate.swift in Sources */ = {isa = PBXBuildFile; fileRef = 062FDF5B257E669B00949D54 /* AppDelegate.swift */; };
		062FDF63257E669B00949D54 /* Home.storyboard in Resources */ = {isa = PBXBuildFile; fileRef = 062FDF61257E669B00949D54 /* Home.storyboard */; };
		062FDF79257E678D00949D54 /* Constants.swift in Sources */ = {isa = PBXBuildFile; fileRef = 062FDF78257E678D00949D54 /* Constants.swift */; };
		062FDF7D257E67F200949D54 /* UserDefaultsManager.swift in Sources */ = {isa = PBXBuildFile; fileRef = 062FDF7C257E67F200949D54 /* UserDefaultsManager.swift */; };
		062FDF7F257E687D00949D54 /* APIManager.swift in Sources */ = {isa = PBXBuildFile; fileRef = 062FDF7E257E687D00949D54 /* APIManager.swift */; };
		062FDF83257E6F4A00949D54 /* UIViewController+Storyboard.swift in Sources */ = {isa = PBXBuildFile; fileRef = 062FDF82257E6F4A00949D54 /* UIViewController+Storyboard.swift */; };
		0644BB292590EE0300963D65 /* MyAppointmentCell.swift in Sources */ = {isa = PBXBuildFile; fileRef = 0644BB272590EE0300963D65 /* MyAppointmentCell.swift */; };
		0644BB2A2590EE0300963D65 /* MyAppointmentCell.xib in Resources */ = {isa = PBXBuildFile; fileRef = 0644BB282590EE0300963D65 /* MyAppointmentCell.xib */; };
		0644BB2C2590F47900963D65 /* MyAppointmentsVC.swift in Sources */ = {isa = PBXBuildFile; fileRef = 0644BB2B2590F47900963D65 /* MyAppointmentsVC.swift */; };
		0644BB2E2590F48900963D65 /* MyAppointmentsView.swift in Sources */ = {isa = PBXBuildFile; fileRef = 0644BB2D2590F48900963D65 /* MyAppointmentsView.swift */; };
		0644BB322590F4E000963D65 /* MyAppointmentsViewModel.swift in Sources */ = {isa = PBXBuildFile; fileRef = 0644BB312590F4E000963D65 /* MyAppointmentsViewModel.swift */; };
		0644BB342590F6E600963D65 /* MyAppointments.storyboard in Resources */ = {isa = PBXBuildFile; fileRef = 0644BB332590F6E600963D65 /* MyAppointments.storyboard */; };
		0655740E2582829900CFEE4F /* MainCategoriesResponse.swift in Sources */ = {isa = PBXBuildFile; fileRef = 0655740D2582829900CFEE4F /* MainCategoriesResponse.swift */; };
		0657F1A225911E03003C9586 /* MyAppointmentResponse.swift in Sources */ = {isa = PBXBuildFile; fileRef = 0657F1A125911E03003C9586 /* MyAppointmentResponse.swift */; };
		0657F1A4259127B5003C9586 /* MyAppointmentCellViewModel.swift in Sources */ = {isa = PBXBuildFile; fileRef = 0657F1A3259127B5003C9586 /* MyAppointmentCellViewModel.swift */; };
		066B5AB425A4594B005BF3B9 /* Reviews.swift in Sources */ = {isa = PBXBuildFile; fileRef = 066B5AB325A4594B005BF3B9 /* Reviews.swift */; };
		066B5AB625A46AB1005BF3B9 /* DoctorAppointment.swift in Sources */ = {isa = PBXBuildFile; fileRef = 066B5AB525A46AB1005BF3B9 /* DoctorAppointment.swift */; };
		067584C9258D7CDD00A65404 /* UIViewController+ShowAlert.swift in Sources */ = {isa = PBXBuildFile; fileRef = 067584C8258D7CDD00A65404 /* UIViewController+ShowAlert.swift */; };
		0678C11E2581B09500949700 /* CategoryCell.swift in Sources */ = {isa = PBXBuildFile; fileRef = 0678C11C2581B09500949700 /* CategoryCell.swift */; };
		0678C11F2581B09500949700 /* CategoryCell.xib in Resources */ = {isa = PBXBuildFile; fileRef = 0678C11D2581B09500949700 /* CategoryCell.xib */; };
		0678C1212581CA4C00949700 /* UIColor+getColorByHex.swift in Sources */ = {isa = PBXBuildFile; fileRef = 0678C1202581CA4C00949700 /* UIColor+getColorByHex.swift */; };
		06950BAA259C295400DF4ACB /* CustomScrollView.swift in Sources */ = {isa = PBXBuildFile; fileRef = 06950BA9259C295400DF4ACB /* CustomScrollView.swift */; };
		0699F05D258D1F3E00C2AF5F /* MyFavoriteResponse.swift in Sources */ = {isa = PBXBuildFile; fileRef = 0699F05C258D1F3E00C2AF5F /* MyFavoriteResponse.swift */; };
		06A3D4E225B0AEE80002C4A3 /* EditProfileViewModel.swift in Sources */ = {isa = PBXBuildFile; fileRef = 06A3D4E125B0AEE80002C4A3 /* EditProfileViewModel.swift */; };
		06AB4F11258404CA00A0B658 /* UIViewController+NavControllerSetup.swift in Sources */ = {isa = PBXBuildFile; fileRef = 06AB4F10258404CA00A0B658 /* UIViewController+NavControllerSetup.swift */; };
		06BB4E1E2585334700D2C4E3 /* APIRouter.swift in Sources */ = {isa = PBXBuildFile; fileRef = 062FDF80257E694700949D54 /* APIRouter.swift */; };
		06BB4E1F2585337200D2C4E3 /* Assets.xcassets in Resources */ = {isa = PBXBuildFile; fileRef = 062FDF64257E669E00949D54 /* Assets.xcassets */; };
		06C0DD8225A25047002ED4DF /* DoctorProfile.storyboard in Resources */ = {isa = PBXBuildFile; fileRef = 06C0DD8125A25047002ED4DF /* DoctorProfile.storyboard */; };
		06C0DD8525A25D16002ED4DF /* DoctorProfileVC.swift in Sources */ = {isa = PBXBuildFile; fileRef = 06C0DD8425A25D16002ED4DF /* DoctorProfileVC.swift */; };
		06C0DD8725A25D52002ED4DF /* DoctorProfileView.swift in Sources */ = {isa = PBXBuildFile; fileRef = 06C0DD8625A25D52002ED4DF /* DoctorProfileView.swift */; };
		06D046CD259B4FCD00F4B8C2 /* HomeViewModel.swift in Sources */ = {isa = PBXBuildFile; fileRef = 06D046CC259B4FCD00F4B8C2 /* HomeViewModel.swift */; };
		06D046CE259B504E00F4B8C2 /* HomeNurseContactUsVC.swift in Sources */ = {isa = PBXBuildFile; fileRef = 99F395DE2589894E00ACBD3B /* HomeNurseContactUsVC.swift */; };
		06D046CF259B505200F4B8C2 /* HomeNurseContactUsView.swift in Sources */ = {isa = PBXBuildFile; fileRef = 99F395E325898E0700ACBD3B /* HomeNurseContactUsView.swift */; };
		06D046D0259B508000F4B8C2 /* HomeNurseContactUsViewModel.swift in Sources */ = {isa = PBXBuildFile; fileRef = 99F49F25258A8F6A0039A280 /* HomeNurseContactUsViewModel.swift */; };
		06D046D1259B509600F4B8C2 /* MyFavoriteCellViewModel.swift in Sources */ = {isa = PBXBuildFile; fileRef = 0699F05E258D5A3A00C2AF5F /* MyFavoriteCellViewModel.swift */; };
		06D046D2259B50B000F4B8C2 /* HomeNurseContactUs.storyboard in Resources */ = {isa = PBXBuildFile; fileRef = 99F395E02589899600ACBD3B /* HomeNurseContactUs.storyboard */; };
		06DD9940257FBA3100D36344 /* HomeView.swift in Sources */ = {isa = PBXBuildFile; fileRef = 06DD993F257FBA3100D36344 /* HomeView.swift */; };
		06DD9943257FBAA100D36344 /* HomeVC.swift in Sources */ = {isa = PBXBuildFile; fileRef = 06DD9942257FBAA100D36344 /* HomeVC.swift */; };
		06DD995A257FE68E00D36344 /* PTSans-Italic.ttf in Resources */ = {isa = PBXBuildFile; fileRef = 06DD9956257FE68E00D36344 /* PTSans-Italic.ttf */; };
		06DD995B257FE68E00D36344 /* PTSans-Regular.ttf in Resources */ = {isa = PBXBuildFile; fileRef = 06DD9957257FE68E00D36344 /* PTSans-Regular.ttf */; };
		06DD995C257FE68E00D36344 /* PTSans-BoldItalic.ttf in Resources */ = {isa = PBXBuildFile; fileRef = 06DD9958257FE68E00D36344 /* PTSans-BoldItalic.ttf */; };
		06DD995D257FE68E00D36344 /* PTSans-Bold.ttf in Resources */ = {isa = PBXBuildFile; fileRef = 06DD9959257FE68E00D36344 /* PTSans-Bold.ttf */; };
		06E7DC53259698C500382E2A /* Authentication.storyboard in Resources */ = {isa = PBXBuildFile; fileRef = 06E7DC52259698C500382E2A /* Authentication.storyboard */; };
		06E7DC55259698F400382E2A /* ResetPasswordVC.swift in Sources */ = {isa = PBXBuildFile; fileRef = 06E7DC54259698F400382E2A /* ResetPasswordVC.swift */; };
		06E7DC572596992700382E2A /* ResetPasswordView.swift in Sources */ = {isa = PBXBuildFile; fileRef = 06E7DC562596992700382E2A /* ResetPasswordView.swift */; };
		06EB2E92259910E800AFEE13 /* LoginVC.swift in Sources */ = {isa = PBXBuildFile; fileRef = 06EB2E91259910E800AFEE13 /* LoginVC.swift */; };
		06EB2E94259910FE00AFEE13 /* LoginView.swift in Sources */ = {isa = PBXBuildFile; fileRef = 06EB2E93259910FE00AFEE13 /* LoginView.swift */; };
		06EB2E962599177F00AFEE13 /* SignupVC.swift in Sources */ = {isa = PBXBuildFile; fileRef = 06EB2E952599177F00AFEE13 /* SignupVC.swift */; };
		06EB2E982599178E00AFEE13 /* SignupView.swift in Sources */ = {isa = PBXBuildFile; fileRef = 06EB2E972599178E00AFEE13 /* SignupView.swift */; };
		06EB2E9A2599268500AFEE13 /* User.swift in Sources */ = {isa = PBXBuildFile; fileRef = 06EB2E992599268500AFEE13 /* User.swift */; };
		06EB2E9C259926F500AFEE13 /* AuthResponse.swift in Sources */ = {isa = PBXBuildFile; fileRef = 06EB2E9B259926F500AFEE13 /* AuthResponse.swift */; };
		06EB2E9E259930C800AFEE13 /* SignupViewModel.swift in Sources */ = {isa = PBXBuildFile; fileRef = 06EB2E9D259930C800AFEE13 /* SignupViewModel.swift */; };
		06EB2EA025994EB900AFEE13 /* String+Regex.swift in Sources */ = {isa = PBXBuildFile; fileRef = 06EB2E9F25994EB900AFEE13 /* String+Regex.swift */; };
		06EB2EA22599732800AFEE13 /* LoginViewModel.swift in Sources */ = {isa = PBXBuildFile; fileRef = 06EB2EA12599732800AFEE13 /* LoginViewModel.swift */; };
		06EB2EA425997D5F00AFEE13 /* ResetPasswordViewModel.swift in Sources */ = {isa = PBXBuildFile; fileRef = 06EB2EA325997D5F00AFEE13 /* ResetPasswordViewModel.swift */; };
		06EB2EA725998A0800AFEE13 /* Setting.storyboard in Resources */ = {isa = PBXBuildFile; fileRef = 06EB2EA625998A0800AFEE13 /* Setting.storyboard */; };
		06EB2EAA25998A7E00AFEE13 /* SettingVC.swift in Sources */ = {isa = PBXBuildFile; fileRef = 06EB2EA925998A7E00AFEE13 /* SettingVC.swift */; };
		06EB2EAC25998A9800AFEE13 /* SettingView.swift in Sources */ = {isa = PBXBuildFile; fileRef = 06EB2EAB25998A9800AFEE13 /* SettingView.swift */; };
		06EB2EB025998DB000AFEE13 /* SettingCell.swift in Sources */ = {isa = PBXBuildFile; fileRef = 06EB2EAE25998DB000AFEE13 /* SettingCell.swift */; };
		06EB2EB125998DB000AFEE13 /* SettingCell.xib in Resources */ = {isa = PBXBuildFile; fileRef = 06EB2EAF25998DB000AFEE13 /* SettingCell.xib */; };
		06EB2EB32599A01000AFEE13 /* Setting.swift in Sources */ = {isa = PBXBuildFile; fileRef = 06EB2EB22599A01000AFEE13 /* Setting.swift */; };
		06EB2EB52599A09A00AFEE13 /* SettingViewModel.swift in Sources */ = {isa = PBXBuildFile; fileRef = 06EB2EB42599A09A00AFEE13 /* SettingViewModel.swift */; };
		06FE098825A321B30002F0A4 /* TimeCell.swift in Sources */ = {isa = PBXBuildFile; fileRef = 06FE098625A321B30002F0A4 /* TimeCell.swift */; };
		06FE098925A321B30002F0A4 /* TimeCell.xib in Resources */ = {isa = PBXBuildFile; fileRef = 06FE098725A321B30002F0A4 /* TimeCell.xib */; };
		06FE098D25A332360002F0A4 /* ReviewCell.swift in Sources */ = {isa = PBXBuildFile; fileRef = 06FE098B25A332360002F0A4 /* ReviewCell.swift */; };
		06FE098E25A332360002F0A4 /* ReviewCell.xib in Resources */ = {isa = PBXBuildFile; fileRef = 06FE098C25A332360002F0A4 /* ReviewCell.xib */; };
		06FE099025A34E050002F0A4 /* Doctor.swift in Sources */ = {isa = PBXBuildFile; fileRef = 06FE098F25A34E050002F0A4 /* Doctor.swift */; };
		06FE099225A34FF10002F0A4 /* DoctorProfileViewModel.swift in Sources */ = {isa = PBXBuildFile; fileRef = 06FE099125A34FF10002F0A4 /* DoctorProfileViewModel.swift */; };
		97D6CEE065259CA6151A715D /* Pods_IDEHospital.framework in Frameworks */ = {isa = PBXBuildFile; fileRef = 39C6039448DDB167416F6840 /* Pods_IDEHospital.framework */; };
		990184FD25B2A7AF00D8C179 /* UserAndBooking.swift in Sources */ = {isa = PBXBuildFile; fileRef = 990184FC25B2A7AF00D8C179 /* UserAndBooking.swift */; };
		9907ED9625A3B55100C42E7B /* VoucherPopUp.storyboard in Resources */ = {isa = PBXBuildFile; fileRef = 9907ED9525A3B55100C42E7B /* VoucherPopUp.storyboard */; };
		9907ED9A25A3DDBE00C42E7B /* VoucherPopUpVC.swift in Sources */ = {isa = PBXBuildFile; fileRef = 9907ED9925A3DDBE00C42E7B /* VoucherPopUpVC.swift */; };
		9907ED9C25A3DDDA00C42E7B /* VoucherPopUpView.swift in Sources */ = {isa = PBXBuildFile; fileRef = 9907ED9B25A3DDDA00C42E7B /* VoucherPopUpView.swift */; };
		9907ED9F25A421F000C42E7B /* VoucherPopUpViewModel.swift in Sources */ = {isa = PBXBuildFile; fileRef = 9907ED9E25A421F000C42E7B /* VoucherPopUpViewModel.swift */; };
		9907EDA125A43F9A00C42E7B /* ConfirmAppointmentPopUp.storyboard in Resources */ = {isa = PBXBuildFile; fileRef = 9907EDA025A43F9A00C42E7B /* ConfirmAppointmentPopUp.storyboard */; };
		9907EDA425A4445900C42E7B /* ConfirmAppointmentPopUpView.swift in Sources */ = {isa = PBXBuildFile; fileRef = 9907EDA325A4445900C42E7B /* ConfirmAppointmentPopUpView.swift */; };
		9907EDA625A4447800C42E7B /* ConfirmAppointmentPopUpVC.swift in Sources */ = {isa = PBXBuildFile; fileRef = 9907EDA525A4447800C42E7B /* ConfirmAppointmentPopUpVC.swift */; };
		9907EDA825A45F6E00C42E7B /* Appointment.swift in Sources */ = {isa = PBXBuildFile; fileRef = 9907EDA725A45F6E00C42E7B /* Appointment.swift */; };
		9907EDAA25A481A700C42E7B /* ConfirmAppointmentPopUpViewModel.swift in Sources */ = {isa = PBXBuildFile; fileRef = 9907EDA925A481A700C42E7B /* ConfirmAppointmentPopUpViewModel.swift */; };
		9907EDAC25A49F0800C42E7B /* YesOrNoPopUp.storyboard in Resources */ = {isa = PBXBuildFile; fileRef = 9907EDAB25A49F0800C42E7B /* YesOrNoPopUp.storyboard */; };
		9907EDAF25A4A3C100C42E7B /* YesOrNoPopUpVC.swift in Sources */ = {isa = PBXBuildFile; fileRef = 9907EDAE25A4A3C100C42E7B /* YesOrNoPopUpVC.swift */; };
		9907EDB125A4A42F00C42E7B /* YesOrNoPopUpView.swift in Sources */ = {isa = PBXBuildFile; fileRef = 9907EDB025A4A42F00C42E7B /* YesOrNoPopUpView.swift */; };
		9907EDB325A4A78F00C42E7B /* YesOrNoPopUpViewModel.swift in Sources */ = {isa = PBXBuildFile; fileRef = 9907EDB225A4A78F00C42E7B /* YesOrNoPopUpViewModel.swift */; };
		9907EDB525A4FAE000C42E7B /* SuccessOrFailurePopUp.storyboard in Resources */ = {isa = PBXBuildFile; fileRef = 9907EDB425A4FAE000C42E7B /* SuccessOrFailurePopUp.storyboard */; };
		9907EDB725A4FAFB00C42E7B /* SuccessOrFailurePopUpView.swift in Sources */ = {isa = PBXBuildFile; fileRef = 9907EDB625A4FAFB00C42E7B /* SuccessOrFailurePopUpView.swift */; };
		9907EDB925A4FB1900C42E7B /* SuccessOrFailurePopUpVC.swift in Sources */ = {isa = PBXBuildFile; fileRef = 9907EDB825A4FB1900C42E7B /* SuccessOrFailurePopUpVC.swift */; };
		9907EDBB25A4FC5D00C42E7B /* SuccessOrFailurePopUpViewModel.swift in Sources */ = {isa = PBXBuildFile; fileRef = 9907EDBA25A4FC5D00C42E7B /* SuccessOrFailurePopUpViewModel.swift */; };
		990B981525B23B2E000F6E9B /* UnAuthenticatedPopUpViewModel.swift in Sources */ = {isa = PBXBuildFile; fileRef = 990B981425B23B2E000F6E9B /* UnAuthenticatedPopUpViewModel.swift */; };
		991B7B6B258681CB00700114 /* Localizable.strings in Resources */ = {isa = PBXBuildFile; fileRef = 991B7B6A258681CB00700114 /* Localizable.strings */; };
		991B7B6D2586877400700114 /* FontsManager.swift in Sources */ = {isa = PBXBuildFile; fileRef = 991B7B6C2586877400700114 /* FontsManager.swift */; };
		991B7B6F2586878300700114 /* StringsManager.swift in Sources */ = {isa = PBXBuildFile; fileRef = 991B7B6E2586878300700114 /* StringsManager.swift */; };
		991ED241259A7303008E3C76 /* String+ToHTML.swift in Sources */ = {isa = PBXBuildFile; fileRef = 991ED240259A7303008E3C76 /* String+ToHTML.swift */; };
		991ED243259A73F2008E3C76 /* AboutAndTerms.swift in Sources */ = {isa = PBXBuildFile; fileRef = 991ED242259A73F2008E3C76 /* AboutAndTerms.swift */; };
		991ED245259A82E0008E3C76 /* AboutAndTerms.storyboard in Resources */ = {isa = PBXBuildFile; fileRef = 991ED244259A82E0008E3C76 /* AboutAndTerms.storyboard */; };
		991ED247259A84CA008E3C76 /* AboutAndTermsVC.swift in Sources */ = {isa = PBXBuildFile; fileRef = 991ED246259A84CA008E3C76 /* AboutAndTermsVC.swift */; };
		991ED249259A851E008E3C76 /* AboutAndTermsView.swift in Sources */ = {isa = PBXBuildFile; fileRef = 991ED248259A851E008E3C76 /* AboutAndTermsView.swift */; };
		99245A7C2592366800608FE1 /* RequestData.swift in Sources */ = {isa = PBXBuildFile; fileRef = 99245A7B2592366800608FE1 /* RequestData.swift */; };
		99343E46258FC274008E069F /* SearchResults.swift in Sources */ = {isa = PBXBuildFile; fileRef = 99343E45258FC274008E069F /* SearchResults.swift */; };
		99343E4825902FFF008E069F /* SearchResultsViewModel.swift in Sources */ = {isa = PBXBuildFile; fileRef = 99343E4725902FFF008E069F /* SearchResultsViewModel.swift */; };
		99343E4A2590603C008E069F /* DoctorsFilter.swift in Sources */ = {isa = PBXBuildFile; fileRef = 99343E492590603C008E069F /* DoctorsFilter.swift */; };
		9938FC232580FBBB003781E5 /* UIView+SetupBackground.swift in Sources */ = {isa = PBXBuildFile; fileRef = 9938FC222580FBBB003781E5 /* UIView+SetupBackground.swift */; };
		9938FC25258173CC003781E5 /* UIView+CornerRadius.swift in Sources */ = {isa = PBXBuildFile; fileRef = 9938FC24258173CC003781E5 /* UIView+CornerRadius.swift */; };
		993AD11B25873212005311CD /* PaddedTextField.swift in Sources */ = {isa = PBXBuildFile; fileRef = 993AD11A25873212005311CD /* PaddedTextField.swift */; };
		99430DE725A7C7BC000A850D /* Int+Timestamp.swift in Sources */ = {isa = PBXBuildFile; fileRef = 99430DE625A7C7BC000A850D /* Int+Timestamp.swift */; };
		9951E0C3259AB1E000DDB266 /* AboutAndTermsViewModel.swift in Sources */ = {isa = PBXBuildFile; fileRef = 9951E0C2259AB1DF00DDB266 /* AboutAndTermsViewModel.swift */; };
		995901DF25A29D7700A5D5AF /* Review.storyboard in Resources */ = {isa = PBXBuildFile; fileRef = 995901DE25A29D7700A5D5AF /* Review.storyboard */; };
		995901E225A29EAF00A5D5AF /* ReviewView.swift in Sources */ = {isa = PBXBuildFile; fileRef = 995901E125A29EAF00A5D5AF /* ReviewView.swift */; };
		995901E425A29ECC00A5D5AF /* ReviewVC.swift in Sources */ = {isa = PBXBuildFile; fileRef = 995901E325A29ECC00A5D5AF /* ReviewVC.swift */; };
		995901E725A2AD0C00A5D5AF /* ReviewViewModel.swift in Sources */ = {isa = PBXBuildFile; fileRef = 995901E625A2AD0C00A5D5AF /* ReviewViewModel.swift */; };
		995901E925A2D64300A5D5AF /* Review.swift in Sources */ = {isa = PBXBuildFile; fileRef = 995901E825A2D64300A5D5AF /* Review.swift */; };
		995CAC73258B9D6F0042527F /* ValidationManager.swift in Sources */ = {isa = PBXBuildFile; fileRef = 995CAC72258B9D6F0042527F /* ValidationManager.swift */; };
		995CAC75258B9EC40042527F /* String+Trimming.swift in Sources */ = {isa = PBXBuildFile; fileRef = 995CAC74258B9EC40042527F /* String+Trimming.swift */; };
		9966C2FB2582636B0016A8CB /* ServiceSearchViewModel.swift in Sources */ = {isa = PBXBuildFile; fileRef = 9966C2FA2582636B0016A8CB /* ServiceSearchViewModel.swift */; };
		99697C62257F803900B6BFBE /* ServiceSearch.storyboard in Resources */ = {isa = PBXBuildFile; fileRef = 99697C61257F803900B6BFBE /* ServiceSearch.storyboard */; };
		99697C65257F80BD00B6BFBE /* ServiceSearchVC.swift in Sources */ = {isa = PBXBuildFile; fileRef = 99697C64257F80BD00B6BFBE /* ServiceSearchVC.swift */; };
		99697C67257F80DB00B6BFBE /* ServiceSearchView.swift in Sources */ = {isa = PBXBuildFile; fileRef = 99697C66257F80DB00B6BFBE /* ServiceSearchView.swift */; };
		996BABA025AA8FF50005B57A /* UnAuthenticatedPopUp.storyboard in Resources */ = {isa = PBXBuildFile; fileRef = 996BAB9F25AA8FF50005B57A /* UnAuthenticatedPopUp.storyboard */; };
		996BABA225AA971E0005B57A /* UnAuthenticatedPopUpVC.swift in Sources */ = {isa = PBXBuildFile; fileRef = 996BABA125AA971E0005B57A /* UnAuthenticatedPopUpVC.swift */; };
		996BABA725AA98090005B57A /* UnAuthenticatedPopUpView.swift in Sources */ = {isa = PBXBuildFile; fileRef = 996BABA625AA98090005B57A /* UnAuthenticatedPopUpView.swift */; };
		998F8B14258E41BA006AB00A /* SearchResults.storyboard in Resources */ = {isa = PBXBuildFile; fileRef = 998F8B13258E41BA006AB00A /* SearchResults.storyboard */; };
		9990F7ED258D751B00991401 /* SearchResultsCell.swift in Sources */ = {isa = PBXBuildFile; fileRef = 9990F7EB258D751B00991401 /* SearchResultsCell.swift */; };
		9990F7EE258D751B00991401 /* SearchResultsCell.xib in Resources */ = {isa = PBXBuildFile; fileRef = 9990F7EC258D751B00991401 /* SearchResultsCell.xib */; };
		999A5C1B258E434200FC0792 /* SearchResultsVC.swift in Sources */ = {isa = PBXBuildFile; fileRef = 999A5C1A258E434200FC0792 /* SearchResultsVC.swift */; };
		999A5C1D258E438900FC0792 /* SearchResultsView.swift in Sources */ = {isa = PBXBuildFile; fileRef = 999A5C1C258E438900FC0792 /* SearchResultsView.swift */; };
		999D8CF22582929900CAEA06 /* CategoryResponse.swift in Sources */ = {isa = PBXBuildFile; fileRef = 999D8CF12582929900CAEA06 /* CategoryResponse.swift */; };
		99D14842258EF48E009443F2 /* SortTextField.swift in Sources */ = {isa = PBXBuildFile; fileRef = 99D14841258EF48E009443F2 /* SortTextField.swift */; };
		99E7AD0725824E2800AAB5B0 /* MainTabBar.swift in Sources */ = {isa = PBXBuildFile; fileRef = 99E7AD0625824E2800AAB5B0 /* MainTabBar.swift */; };
		99F49F28258A955F0039A280 /* IDEAHospitalTextField.swift in Sources */ = {isa = PBXBuildFile; fileRef = 99F49F27258A955F0039A280 /* IDEAHospitalTextField.swift */; };
		99F4D946259259C20078BE1D /* UIView+ActivityIndicator.swift in Sources */ = {isa = PBXBuildFile; fileRef = 062FDF84257E6F9B00949D54 /* UIView+ActivityIndicator.swift */; };
		99F4D947259259C20078BE1D /* UIViewController+ShowSimpleAlert.swift in Sources */ = {isa = PBXBuildFile; fileRef = 999A71082584122200678453 /* UIViewController+ShowSimpleAlert.swift */; };
		99F4D948259259C20078BE1D /* UIImageView+CircularImage.swift in Sources */ = {isa = PBXBuildFile; fileRef = 06BB4E202585397D00D2C4E3 /* UIImageView+CircularImage.swift */; };
		99F90A7025847B4A006E7B91 /* Colors.txt in Resources */ = {isa = PBXBuildFile; fileRef = 99F90A6F25847B4A006E7B91 /* Colors.txt */; };
		99F90A7225847F44006E7B91 /* ColorsManager.swift in Sources */ = {isa = PBXBuildFile; fileRef = 99F90A7125847F44006E7B91 /* ColorsManager.swift */; };
/* End PBXBuildFile section */

/* Begin PBXFileReference section */
		0605D6712589541D006E38D8 /* MyFavoritesVC.swift */ = {isa = PBXFileReference; lastKnownFileType = sourcecode.swift; path = MyFavoritesVC.swift; sourceTree = "<group>"; };
		0605D6732589544F006E38D8 /* MyFavoritesView.swift */ = {isa = PBXFileReference; lastKnownFileType = sourcecode.swift; path = MyFavoritesView.swift; sourceTree = "<group>"; };
		0605D67525895473006E38D8 /* MyFavorites.storyboard */ = {isa = PBXFileReference; lastKnownFileType = file.storyboard; path = MyFavorites.storyboard; sourceTree = "<group>"; };
		0605D677258954E1006E38D8 /* MyFavoritesViewModel.swift */ = {isa = PBXFileReference; lastKnownFileType = sourcecode.swift; path = MyFavoritesViewModel.swift; sourceTree = "<group>"; };
		0605D67A258959F3006E38D8 /* MyFavoriteCell.swift */ = {isa = PBXFileReference; lastKnownFileType = sourcecode.swift; path = MyFavoriteCell.swift; sourceTree = "<group>"; };
		0605D67B258959F3006E38D8 /* MyFavoriteCell.xib */ = {isa = PBXFileReference; lastKnownFileType = file.xib; path = MyFavoriteCell.xib; sourceTree = "<group>"; };
		0605D67E2589B602006E38D8 /* CustomButton.swift */ = {isa = PBXFileReference; lastKnownFileType = sourcecode.swift; path = CustomButton.swift; sourceTree = "<group>"; };
		06064CE92582C693006ADB86 /* AssetsManager.swift */ = {isa = PBXFileReference; fileEncoding = 4; lastKnownFileType = sourcecode.swift; path = AssetsManager.swift; sourceTree = "<group>"; };
		06064D2125830A8A006ADB86 /* Colors.txt */ = {isa = PBXFileReference; lastKnownFileType = text; path = Colors.txt; sourceTree = "<group>"; };
		06064D2325830CBB006ADB86 /* ColorsManager.swift */ = {isa = PBXFileReference; fileEncoding = 4; lastKnownFileType = sourcecode.swift; path = ColorsManager.swift; sourceTree = "<group>"; };
		061D001B25A9F2E30007473D /* EditProfile.storyboard */ = {isa = PBXFileReference; lastKnownFileType = file.storyboard; path = EditProfile.storyboard; sourceTree = "<group>"; };
		061D001E25A9F9860007473D /* EditProfileVC.swift */ = {isa = PBXFileReference; lastKnownFileType = sourcecode.swift; path = EditProfileVC.swift; sourceTree = "<group>"; };
		061D002225A9F9F20007473D /* EditProfileView.swift */ = {isa = PBXFileReference; lastKnownFileType = sourcecode.swift; path = EditProfileView.swift; sourceTree = "<group>"; };
		06264483259A53F000279C7C /* CategoryCellViewModel.swift */ = {isa = PBXFileReference; lastKnownFileType = sourcecode.swift; path = CategoryCellViewModel.swift; sourceTree = "<group>"; };
		0626448F259A606A00279C7C /* LaunchScreen.storyboard */ = {isa = PBXFileReference; fileEncoding = 4; lastKnownFileType = file.storyboard; path = LaunchScreen.storyboard; sourceTree = "<group>"; };
		062FDF58257E669B00949D54 /* IDEHospital.app */ = {isa = PBXFileReference; explicitFileType = wrapper.application; includeInIndex = 0; path = IDEHospital.app; sourceTree = BUILT_PRODUCTS_DIR; };
		062FDF5B257E669B00949D54 /* AppDelegate.swift */ = {isa = PBXFileReference; lastKnownFileType = sourcecode.swift; path = AppDelegate.swift; sourceTree = "<group>"; };
		062FDF62257E669B00949D54 /* Base */ = {isa = PBXFileReference; lastKnownFileType = file.storyboard; name = Base; path = Base.lproj/Home.storyboard; sourceTree = "<group>"; };
		062FDF64257E669E00949D54 /* Assets.xcassets */ = {isa = PBXFileReference; lastKnownFileType = folder.assetcatalog; path = Assets.xcassets; sourceTree = "<group>"; };
		062FDF69257E669E00949D54 /* Info.plist */ = {isa = PBXFileReference; lastKnownFileType = text.plist.xml; path = Info.plist; sourceTree = "<group>"; };
		062FDF78257E678D00949D54 /* Constants.swift */ = {isa = PBXFileReference; lastKnownFileType = sourcecode.swift; path = Constants.swift; sourceTree = "<group>"; };
		062FDF7C257E67F200949D54 /* UserDefaultsManager.swift */ = {isa = PBXFileReference; lastKnownFileType = sourcecode.swift; path = UserDefaultsManager.swift; sourceTree = "<group>"; };
		062FDF7E257E687D00949D54 /* APIManager.swift */ = {isa = PBXFileReference; lastKnownFileType = sourcecode.swift; path = APIManager.swift; sourceTree = "<group>"; };
		062FDF80257E694700949D54 /* APIRouter.swift */ = {isa = PBXFileReference; lastKnownFileType = sourcecode.swift; path = APIRouter.swift; sourceTree = "<group>"; };
		062FDF82257E6F4A00949D54 /* UIViewController+Storyboard.swift */ = {isa = PBXFileReference; lastKnownFileType = sourcecode.swift; path = "UIViewController+Storyboard.swift"; sourceTree = "<group>"; };
		062FDF84257E6F9B00949D54 /* UIView+ActivityIndicator.swift */ = {isa = PBXFileReference; lastKnownFileType = sourcecode.swift; path = "UIView+ActivityIndicator.swift"; sourceTree = "<group>"; };
		0644BB272590EE0300963D65 /* MyAppointmentCell.swift */ = {isa = PBXFileReference; lastKnownFileType = sourcecode.swift; path = MyAppointmentCell.swift; sourceTree = "<group>"; };
		0644BB282590EE0300963D65 /* MyAppointmentCell.xib */ = {isa = PBXFileReference; lastKnownFileType = file.xib; path = MyAppointmentCell.xib; sourceTree = "<group>"; };
		0644BB2B2590F47900963D65 /* MyAppointmentsVC.swift */ = {isa = PBXFileReference; lastKnownFileType = sourcecode.swift; path = MyAppointmentsVC.swift; sourceTree = "<group>"; };
		0644BB2D2590F48900963D65 /* MyAppointmentsView.swift */ = {isa = PBXFileReference; lastKnownFileType = sourcecode.swift; path = MyAppointmentsView.swift; sourceTree = "<group>"; };
		0644BB312590F4E000963D65 /* MyAppointmentsViewModel.swift */ = {isa = PBXFileReference; lastKnownFileType = sourcecode.swift; path = MyAppointmentsViewModel.swift; sourceTree = "<group>"; };
		0644BB332590F6E600963D65 /* MyAppointments.storyboard */ = {isa = PBXFileReference; lastKnownFileType = file.storyboard; path = MyAppointments.storyboard; sourceTree = "<group>"; };
		0655740D2582829900CFEE4F /* MainCategoriesResponse.swift */ = {isa = PBXFileReference; fileEncoding = 4; lastKnownFileType = sourcecode.swift; path = MainCategoriesResponse.swift; sourceTree = "<group>"; };
		0657F1A125911E03003C9586 /* MyAppointmentResponse.swift */ = {isa = PBXFileReference; lastKnownFileType = sourcecode.swift; path = MyAppointmentResponse.swift; sourceTree = "<group>"; };
		0657F1A3259127B5003C9586 /* MyAppointmentCellViewModel.swift */ = {isa = PBXFileReference; lastKnownFileType = sourcecode.swift; path = MyAppointmentCellViewModel.swift; sourceTree = "<group>"; };
		066B5AB325A4594B005BF3B9 /* Reviews.swift */ = {isa = PBXFileReference; lastKnownFileType = sourcecode.swift; path = Reviews.swift; sourceTree = "<group>"; };
		066B5AB525A46AB1005BF3B9 /* DoctorAppointment.swift */ = {isa = PBXFileReference; lastKnownFileType = sourcecode.swift; path = DoctorAppointment.swift; sourceTree = "<group>"; };
		067584C8258D7CDD00A65404 /* UIViewController+ShowAlert.swift */ = {isa = PBXFileReference; lastKnownFileType = sourcecode.swift; path = "UIViewController+ShowAlert.swift"; sourceTree = "<group>"; };
		0678C11C2581B09500949700 /* CategoryCell.swift */ = {isa = PBXFileReference; lastKnownFileType = sourcecode.swift; path = CategoryCell.swift; sourceTree = "<group>"; };
		0678C11D2581B09500949700 /* CategoryCell.xib */ = {isa = PBXFileReference; lastKnownFileType = file.xib; path = CategoryCell.xib; sourceTree = "<group>"; };
		0678C1202581CA4C00949700 /* UIColor+getColorByHex.swift */ = {isa = PBXFileReference; lastKnownFileType = sourcecode.swift; path = "UIColor+getColorByHex.swift"; sourceTree = "<group>"; };
		06950BA9259C295400DF4ACB /* CustomScrollView.swift */ = {isa = PBXFileReference; lastKnownFileType = sourcecode.swift; path = CustomScrollView.swift; sourceTree = "<group>"; };
		0699F05C258D1F3E00C2AF5F /* MyFavoriteResponse.swift */ = {isa = PBXFileReference; lastKnownFileType = sourcecode.swift; path = MyFavoriteResponse.swift; sourceTree = "<group>"; };
		0699F05E258D5A3A00C2AF5F /* MyFavoriteCellViewModel.swift */ = {isa = PBXFileReference; lastKnownFileType = sourcecode.swift; path = MyFavoriteCellViewModel.swift; sourceTree = "<group>"; };
		06A3D4E125B0AEE80002C4A3 /* EditProfileViewModel.swift */ = {isa = PBXFileReference; lastKnownFileType = sourcecode.swift; path = EditProfileViewModel.swift; sourceTree = "<group>"; };
		06AB4F10258404CA00A0B658 /* UIViewController+NavControllerSetup.swift */ = {isa = PBXFileReference; lastKnownFileType = sourcecode.swift; path = "UIViewController+NavControllerSetup.swift"; sourceTree = "<group>"; };
		06BB4E202585397D00D2C4E3 /* UIImageView+CircularImage.swift */ = {isa = PBXFileReference; fileEncoding = 4; lastKnownFileType = sourcecode.swift; path = "UIImageView+CircularImage.swift"; sourceTree = "<group>"; };
		06C0DD8125A25047002ED4DF /* DoctorProfile.storyboard */ = {isa = PBXFileReference; lastKnownFileType = file.storyboard; path = DoctorProfile.storyboard; sourceTree = "<group>"; };
		06C0DD8425A25D16002ED4DF /* DoctorProfileVC.swift */ = {isa = PBXFileReference; lastKnownFileType = sourcecode.swift; path = DoctorProfileVC.swift; sourceTree = "<group>"; };
		06C0DD8625A25D52002ED4DF /* DoctorProfileView.swift */ = {isa = PBXFileReference; lastKnownFileType = sourcecode.swift; path = DoctorProfileView.swift; sourceTree = "<group>"; };
		06D046CC259B4FCD00F4B8C2 /* HomeViewModel.swift */ = {isa = PBXFileReference; fileEncoding = 4; lastKnownFileType = sourcecode.swift; path = HomeViewModel.swift; sourceTree = "<group>"; };
		06DD993F257FBA3100D36344 /* HomeView.swift */ = {isa = PBXFileReference; lastKnownFileType = sourcecode.swift; path = HomeView.swift; sourceTree = "<group>"; };
		06DD9942257FBAA100D36344 /* HomeVC.swift */ = {isa = PBXFileReference; fileEncoding = 4; lastKnownFileType = sourcecode.swift; path = HomeVC.swift; sourceTree = "<group>"; };
		06DD9956257FE68E00D36344 /* PTSans-Italic.ttf */ = {isa = PBXFileReference; lastKnownFileType = file; path = "PTSans-Italic.ttf"; sourceTree = "<group>"; };
		06DD9957257FE68E00D36344 /* PTSans-Regular.ttf */ = {isa = PBXFileReference; lastKnownFileType = file; path = "PTSans-Regular.ttf"; sourceTree = "<group>"; };
		06DD9958257FE68E00D36344 /* PTSans-BoldItalic.ttf */ = {isa = PBXFileReference; lastKnownFileType = file; path = "PTSans-BoldItalic.ttf"; sourceTree = "<group>"; };
		06DD9959257FE68E00D36344 /* PTSans-Bold.ttf */ = {isa = PBXFileReference; lastKnownFileType = file; path = "PTSans-Bold.ttf"; sourceTree = "<group>"; };
		06E7DC52259698C500382E2A /* Authentication.storyboard */ = {isa = PBXFileReference; lastKnownFileType = file.storyboard; path = Authentication.storyboard; sourceTree = "<group>"; };
		06E7DC54259698F400382E2A /* ResetPasswordVC.swift */ = {isa = PBXFileReference; lastKnownFileType = sourcecode.swift; path = ResetPasswordVC.swift; sourceTree = "<group>"; };
		06E7DC562596992700382E2A /* ResetPasswordView.swift */ = {isa = PBXFileReference; lastKnownFileType = sourcecode.swift; path = ResetPasswordView.swift; sourceTree = "<group>"; };
		06EB2E91259910E800AFEE13 /* LoginVC.swift */ = {isa = PBXFileReference; lastKnownFileType = sourcecode.swift; path = LoginVC.swift; sourceTree = "<group>"; };
		06EB2E93259910FE00AFEE13 /* LoginView.swift */ = {isa = PBXFileReference; lastKnownFileType = sourcecode.swift; path = LoginView.swift; sourceTree = "<group>"; };
		06EB2E952599177F00AFEE13 /* SignupVC.swift */ = {isa = PBXFileReference; lastKnownFileType = sourcecode.swift; path = SignupVC.swift; sourceTree = "<group>"; };
		06EB2E972599178E00AFEE13 /* SignupView.swift */ = {isa = PBXFileReference; lastKnownFileType = sourcecode.swift; path = SignupView.swift; sourceTree = "<group>"; };
		06EB2E992599268500AFEE13 /* User.swift */ = {isa = PBXFileReference; lastKnownFileType = sourcecode.swift; path = User.swift; sourceTree = "<group>"; };
		06EB2E9B259926F500AFEE13 /* AuthResponse.swift */ = {isa = PBXFileReference; lastKnownFileType = sourcecode.swift; path = AuthResponse.swift; sourceTree = "<group>"; };
		06EB2E9D259930C800AFEE13 /* SignupViewModel.swift */ = {isa = PBXFileReference; lastKnownFileType = sourcecode.swift; path = SignupViewModel.swift; sourceTree = "<group>"; };
		06EB2E9F25994EB900AFEE13 /* String+Regex.swift */ = {isa = PBXFileReference; lastKnownFileType = sourcecode.swift; path = "String+Regex.swift"; sourceTree = "<group>"; };
		06EB2EA12599732800AFEE13 /* LoginViewModel.swift */ = {isa = PBXFileReference; lastKnownFileType = sourcecode.swift; path = LoginViewModel.swift; sourceTree = "<group>"; };
		06EB2EA325997D5F00AFEE13 /* ResetPasswordViewModel.swift */ = {isa = PBXFileReference; lastKnownFileType = sourcecode.swift; path = ResetPasswordViewModel.swift; sourceTree = "<group>"; };
		06EB2EA625998A0800AFEE13 /* Setting.storyboard */ = {isa = PBXFileReference; lastKnownFileType = file.storyboard; path = Setting.storyboard; sourceTree = "<group>"; };
		06EB2EA925998A7E00AFEE13 /* SettingVC.swift */ = {isa = PBXFileReference; lastKnownFileType = sourcecode.swift; path = SettingVC.swift; sourceTree = "<group>"; };
		06EB2EAB25998A9800AFEE13 /* SettingView.swift */ = {isa = PBXFileReference; lastKnownFileType = sourcecode.swift; path = SettingView.swift; sourceTree = "<group>"; };
		06EB2EAE25998DB000AFEE13 /* SettingCell.swift */ = {isa = PBXFileReference; lastKnownFileType = sourcecode.swift; path = SettingCell.swift; sourceTree = "<group>"; };
		06EB2EAF25998DB000AFEE13 /* SettingCell.xib */ = {isa = PBXFileReference; lastKnownFileType = file.xib; path = SettingCell.xib; sourceTree = "<group>"; };
		06EB2EB22599A01000AFEE13 /* Setting.swift */ = {isa = PBXFileReference; lastKnownFileType = sourcecode.swift; path = Setting.swift; sourceTree = "<group>"; };
		06EB2EB42599A09A00AFEE13 /* SettingViewModel.swift */ = {isa = PBXFileReference; lastKnownFileType = sourcecode.swift; path = SettingViewModel.swift; sourceTree = "<group>"; };
		06FE098625A321B30002F0A4 /* TimeCell.swift */ = {isa = PBXFileReference; lastKnownFileType = sourcecode.swift; path = TimeCell.swift; sourceTree = "<group>"; };
		06FE098725A321B30002F0A4 /* TimeCell.xib */ = {isa = PBXFileReference; lastKnownFileType = file.xib; path = TimeCell.xib; sourceTree = "<group>"; };
		06FE098B25A332360002F0A4 /* ReviewCell.swift */ = {isa = PBXFileReference; lastKnownFileType = sourcecode.swift; path = ReviewCell.swift; sourceTree = "<group>"; };
		06FE098C25A332360002F0A4 /* ReviewCell.xib */ = {isa = PBXFileReference; lastKnownFileType = file.xib; path = ReviewCell.xib; sourceTree = "<group>"; };
		06FE098F25A34E050002F0A4 /* Doctor.swift */ = {isa = PBXFileReference; lastKnownFileType = sourcecode.swift; path = Doctor.swift; sourceTree = "<group>"; };
		06FE099125A34FF10002F0A4 /* DoctorProfileViewModel.swift */ = {isa = PBXFileReference; lastKnownFileType = sourcecode.swift; path = DoctorProfileViewModel.swift; sourceTree = "<group>"; };
		39C6039448DDB167416F6840 /* Pods_IDEHospital.framework */ = {isa = PBXFileReference; explicitFileType = wrapper.framework; includeInIndex = 0; path = Pods_IDEHospital.framework; sourceTree = BUILT_PRODUCTS_DIR; };
		8569C0829D2161F9E9E57603 /* Pods-IDEHospital.release.xcconfig */ = {isa = PBXFileReference; includeInIndex = 1; lastKnownFileType = text.xcconfig; name = "Pods-IDEHospital.release.xcconfig"; path = "Target Support Files/Pods-IDEHospital/Pods-IDEHospital.release.xcconfig"; sourceTree = "<group>"; };
		990184FC25B2A7AF00D8C179 /* UserAndBooking.swift */ = {isa = PBXFileReference; lastKnownFileType = sourcecode.swift; path = UserAndBooking.swift; sourceTree = "<group>"; };
		9907ED9525A3B55100C42E7B /* VoucherPopUp.storyboard */ = {isa = PBXFileReference; lastKnownFileType = file.storyboard; path = VoucherPopUp.storyboard; sourceTree = "<group>"; };
		9907ED9925A3DDBE00C42E7B /* VoucherPopUpVC.swift */ = {isa = PBXFileReference; lastKnownFileType = sourcecode.swift; path = VoucherPopUpVC.swift; sourceTree = "<group>"; };
		9907ED9B25A3DDDA00C42E7B /* VoucherPopUpView.swift */ = {isa = PBXFileReference; lastKnownFileType = sourcecode.swift; path = VoucherPopUpView.swift; sourceTree = "<group>"; };
		9907ED9E25A421F000C42E7B /* VoucherPopUpViewModel.swift */ = {isa = PBXFileReference; lastKnownFileType = sourcecode.swift; path = VoucherPopUpViewModel.swift; sourceTree = "<group>"; };
		9907EDA025A43F9A00C42E7B /* ConfirmAppointmentPopUp.storyboard */ = {isa = PBXFileReference; lastKnownFileType = file.storyboard; path = ConfirmAppointmentPopUp.storyboard; sourceTree = "<group>"; };
		9907EDA325A4445900C42E7B /* ConfirmAppointmentPopUpView.swift */ = {isa = PBXFileReference; lastKnownFileType = sourcecode.swift; path = ConfirmAppointmentPopUpView.swift; sourceTree = "<group>"; };
		9907EDA525A4447800C42E7B /* ConfirmAppointmentPopUpVC.swift */ = {isa = PBXFileReference; lastKnownFileType = sourcecode.swift; path = ConfirmAppointmentPopUpVC.swift; sourceTree = "<group>"; };
		9907EDA725A45F6E00C42E7B /* Appointment.swift */ = {isa = PBXFileReference; lastKnownFileType = sourcecode.swift; path = Appointment.swift; sourceTree = "<group>"; };
		9907EDA925A481A700C42E7B /* ConfirmAppointmentPopUpViewModel.swift */ = {isa = PBXFileReference; lastKnownFileType = sourcecode.swift; path = ConfirmAppointmentPopUpViewModel.swift; sourceTree = "<group>"; };
		9907EDAB25A49F0800C42E7B /* YesOrNoPopUp.storyboard */ = {isa = PBXFileReference; lastKnownFileType = file.storyboard; path = YesOrNoPopUp.storyboard; sourceTree = "<group>"; };
		9907EDAE25A4A3C100C42E7B /* YesOrNoPopUpVC.swift */ = {isa = PBXFileReference; lastKnownFileType = sourcecode.swift; path = YesOrNoPopUpVC.swift; sourceTree = "<group>"; };
		9907EDB025A4A42F00C42E7B /* YesOrNoPopUpView.swift */ = {isa = PBXFileReference; lastKnownFileType = sourcecode.swift; path = YesOrNoPopUpView.swift; sourceTree = "<group>"; };
		9907EDB225A4A78F00C42E7B /* YesOrNoPopUpViewModel.swift */ = {isa = PBXFileReference; lastKnownFileType = sourcecode.swift; path = YesOrNoPopUpViewModel.swift; sourceTree = "<group>"; };
		9907EDB425A4FAE000C42E7B /* SuccessOrFailurePopUp.storyboard */ = {isa = PBXFileReference; lastKnownFileType = file.storyboard; path = SuccessOrFailurePopUp.storyboard; sourceTree = "<group>"; };
		9907EDB625A4FAFB00C42E7B /* SuccessOrFailurePopUpView.swift */ = {isa = PBXFileReference; lastKnownFileType = sourcecode.swift; path = SuccessOrFailurePopUpView.swift; sourceTree = "<group>"; };
		9907EDB825A4FB1900C42E7B /* SuccessOrFailurePopUpVC.swift */ = {isa = PBXFileReference; lastKnownFileType = sourcecode.swift; path = SuccessOrFailurePopUpVC.swift; sourceTree = "<group>"; };
		9907EDBA25A4FC5D00C42E7B /* SuccessOrFailurePopUpViewModel.swift */ = {isa = PBXFileReference; lastKnownFileType = sourcecode.swift; path = SuccessOrFailurePopUpViewModel.swift; sourceTree = "<group>"; };
		990B981425B23B2E000F6E9B /* UnAuthenticatedPopUpViewModel.swift */ = {isa = PBXFileReference; lastKnownFileType = sourcecode.swift; path = UnAuthenticatedPopUpViewModel.swift; sourceTree = "<group>"; };
		991B7B6A258681CB00700114 /* Localizable.strings */ = {isa = PBXFileReference; lastKnownFileType = text.plist.strings; path = Localizable.strings; sourceTree = "<group>"; };
		991B7B6C2586877400700114 /* FontsManager.swift */ = {isa = PBXFileReference; fileEncoding = 4; lastKnownFileType = sourcecode.swift; path = FontsManager.swift; sourceTree = "<group>"; };
		991B7B6E2586878300700114 /* StringsManager.swift */ = {isa = PBXFileReference; fileEncoding = 4; lastKnownFileType = sourcecode.swift; path = StringsManager.swift; sourceTree = "<group>"; };
		991ED240259A7303008E3C76 /* String+ToHTML.swift */ = {isa = PBXFileReference; fileEncoding = 4; lastKnownFileType = sourcecode.swift; path = "String+ToHTML.swift"; sourceTree = "<group>"; };
		991ED242259A73F2008E3C76 /* AboutAndTerms.swift */ = {isa = PBXFileReference; lastKnownFileType = sourcecode.swift; path = AboutAndTerms.swift; sourceTree = "<group>"; };
		991ED244259A82E0008E3C76 /* AboutAndTerms.storyboard */ = {isa = PBXFileReference; lastKnownFileType = file.storyboard; path = AboutAndTerms.storyboard; sourceTree = "<group>"; };
		991ED246259A84CA008E3C76 /* AboutAndTermsVC.swift */ = {isa = PBXFileReference; lastKnownFileType = sourcecode.swift; path = AboutAndTermsVC.swift; sourceTree = "<group>"; };
		991ED248259A851E008E3C76 /* AboutAndTermsView.swift */ = {isa = PBXFileReference; lastKnownFileType = sourcecode.swift; path = AboutAndTermsView.swift; sourceTree = "<group>"; };
		99245A7B2592366800608FE1 /* RequestData.swift */ = {isa = PBXFileReference; lastKnownFileType = sourcecode.swift; path = RequestData.swift; sourceTree = "<group>"; };
		99343E45258FC274008E069F /* SearchResults.swift */ = {isa = PBXFileReference; lastKnownFileType = sourcecode.swift; path = SearchResults.swift; sourceTree = "<group>"; };
		99343E4725902FFF008E069F /* SearchResultsViewModel.swift */ = {isa = PBXFileReference; lastKnownFileType = sourcecode.swift; path = SearchResultsViewModel.swift; sourceTree = "<group>"; };
		99343E492590603C008E069F /* DoctorsFilter.swift */ = {isa = PBXFileReference; lastKnownFileType = sourcecode.swift; path = DoctorsFilter.swift; sourceTree = "<group>"; };
		9938FC222580FBBB003781E5 /* UIView+SetupBackground.swift */ = {isa = PBXFileReference; lastKnownFileType = sourcecode.swift; path = "UIView+SetupBackground.swift"; sourceTree = "<group>"; };
		9938FC24258173CC003781E5 /* UIView+CornerRadius.swift */ = {isa = PBXFileReference; lastKnownFileType = sourcecode.swift; path = "UIView+CornerRadius.swift"; sourceTree = "<group>"; };
		993AD11A25873212005311CD /* PaddedTextField.swift */ = {isa = PBXFileReference; lastKnownFileType = sourcecode.swift; path = PaddedTextField.swift; sourceTree = "<group>"; };
		99430DE625A7C7BC000A850D /* Int+Timestamp.swift */ = {isa = PBXFileReference; lastKnownFileType = sourcecode.swift; path = "Int+Timestamp.swift"; sourceTree = "<group>"; };
		9951E0C2259AB1DF00DDB266 /* AboutAndTermsViewModel.swift */ = {isa = PBXFileReference; lastKnownFileType = sourcecode.swift; path = AboutAndTermsViewModel.swift; sourceTree = "<group>"; };
		995901DE25A29D7700A5D5AF /* Review.storyboard */ = {isa = PBXFileReference; lastKnownFileType = file.storyboard; path = Review.storyboard; sourceTree = "<group>"; };
		995901E125A29EAF00A5D5AF /* ReviewView.swift */ = {isa = PBXFileReference; lastKnownFileType = sourcecode.swift; path = ReviewView.swift; sourceTree = "<group>"; };
		995901E325A29ECC00A5D5AF /* ReviewVC.swift */ = {isa = PBXFileReference; lastKnownFileType = sourcecode.swift; path = ReviewVC.swift; sourceTree = "<group>"; };
		995901E625A2AD0C00A5D5AF /* ReviewViewModel.swift */ = {isa = PBXFileReference; lastKnownFileType = sourcecode.swift; path = ReviewViewModel.swift; sourceTree = "<group>"; };
		995901E825A2D64300A5D5AF /* Review.swift */ = {isa = PBXFileReference; lastKnownFileType = sourcecode.swift; path = Review.swift; sourceTree = "<group>"; };
		995CAC72258B9D6F0042527F /* ValidationManager.swift */ = {isa = PBXFileReference; lastKnownFileType = sourcecode.swift; path = ValidationManager.swift; sourceTree = "<group>"; };
		995CAC74258B9EC40042527F /* String+Trimming.swift */ = {isa = PBXFileReference; lastKnownFileType = sourcecode.swift; path = "String+Trimming.swift"; sourceTree = "<group>"; };
		9966C2FA2582636B0016A8CB /* ServiceSearchViewModel.swift */ = {isa = PBXFileReference; lastKnownFileType = sourcecode.swift; name = ServiceSearchViewModel.swift; path = IDEHospital/ViewModel/MainTabs/ServiceSearchViewModel.swift; sourceTree = SOURCE_ROOT; };
		99697C61257F803900B6BFBE /* ServiceSearch.storyboard */ = {isa = PBXFileReference; lastKnownFileType = file.storyboard; path = ServiceSearch.storyboard; sourceTree = "<group>"; };
		99697C64257F80BD00B6BFBE /* ServiceSearchVC.swift */ = {isa = PBXFileReference; lastKnownFileType = sourcecode.swift; path = ServiceSearchVC.swift; sourceTree = "<group>"; };
		99697C66257F80DB00B6BFBE /* ServiceSearchView.swift */ = {isa = PBXFileReference; lastKnownFileType = sourcecode.swift; path = ServiceSearchView.swift; sourceTree = "<group>"; };
		996BAB9F25AA8FF50005B57A /* UnAuthenticatedPopUp.storyboard */ = {isa = PBXFileReference; lastKnownFileType = file.storyboard; path = UnAuthenticatedPopUp.storyboard; sourceTree = "<group>"; };
		996BABA125AA971E0005B57A /* UnAuthenticatedPopUpVC.swift */ = {isa = PBXFileReference; lastKnownFileType = sourcecode.swift; path = UnAuthenticatedPopUpVC.swift; sourceTree = "<group>"; };
		996BABA625AA98090005B57A /* UnAuthenticatedPopUpView.swift */ = {isa = PBXFileReference; lastKnownFileType = sourcecode.swift; path = UnAuthenticatedPopUpView.swift; sourceTree = "<group>"; };
		998F8B13258E41BA006AB00A /* SearchResults.storyboard */ = {isa = PBXFileReference; lastKnownFileType = file.storyboard; path = SearchResults.storyboard; sourceTree = "<group>"; };
		9990F7EB258D751B00991401 /* SearchResultsCell.swift */ = {isa = PBXFileReference; lastKnownFileType = sourcecode.swift; path = SearchResultsCell.swift; sourceTree = "<group>"; };
		9990F7EC258D751B00991401 /* SearchResultsCell.xib */ = {isa = PBXFileReference; lastKnownFileType = file.xib; path = SearchResultsCell.xib; sourceTree = "<group>"; };
		999A5C1A258E434200FC0792 /* SearchResultsVC.swift */ = {isa = PBXFileReference; lastKnownFileType = sourcecode.swift; path = SearchResultsVC.swift; sourceTree = "<group>"; };
		999A5C1C258E438900FC0792 /* SearchResultsView.swift */ = {isa = PBXFileReference; lastKnownFileType = sourcecode.swift; path = SearchResultsView.swift; sourceTree = "<group>"; };
		999A71082584122200678453 /* UIViewController+ShowSimpleAlert.swift */ = {isa = PBXFileReference; lastKnownFileType = sourcecode.swift; path = "UIViewController+ShowSimpleAlert.swift"; sourceTree = "<group>"; };
		999D8CF12582929900CAEA06 /* CategoryResponse.swift */ = {isa = PBXFileReference; lastKnownFileType = sourcecode.swift; path = CategoryResponse.swift; sourceTree = "<group>"; };
		99D14841258EF48E009443F2 /* SortTextField.swift */ = {isa = PBXFileReference; lastKnownFileType = sourcecode.swift; path = SortTextField.swift; sourceTree = "<group>"; };
		99E7AD0625824E2800AAB5B0 /* MainTabBar.swift */ = {isa = PBXFileReference; lastKnownFileType = sourcecode.swift; path = MainTabBar.swift; sourceTree = "<group>"; };
		99F395DE2589894E00ACBD3B /* HomeNurseContactUsVC.swift */ = {isa = PBXFileReference; lastKnownFileType = sourcecode.swift; path = HomeNurseContactUsVC.swift; sourceTree = "<group>"; };
		99F395E02589899600ACBD3B /* HomeNurseContactUs.storyboard */ = {isa = PBXFileReference; lastKnownFileType = file.storyboard; path = HomeNurseContactUs.storyboard; sourceTree = "<group>"; };
		99F395E325898E0700ACBD3B /* HomeNurseContactUsView.swift */ = {isa = PBXFileReference; lastKnownFileType = sourcecode.swift; path = HomeNurseContactUsView.swift; sourceTree = "<group>"; };
		99F49F25258A8F6A0039A280 /* HomeNurseContactUsViewModel.swift */ = {isa = PBXFileReference; lastKnownFileType = sourcecode.swift; path = HomeNurseContactUsViewModel.swift; sourceTree = "<group>"; };
		99F49F27258A955F0039A280 /* IDEAHospitalTextField.swift */ = {isa = PBXFileReference; lastKnownFileType = sourcecode.swift; path = IDEAHospitalTextField.swift; sourceTree = "<group>"; };
		99F90A6F25847B4A006E7B91 /* Colors.txt */ = {isa = PBXFileReference; lastKnownFileType = text; path = Colors.txt; sourceTree = "<group>"; };
		99F90A7125847F44006E7B91 /* ColorsManager.swift */ = {isa = PBXFileReference; fileEncoding = 4; lastKnownFileType = sourcecode.swift; path = ColorsManager.swift; sourceTree = "<group>"; };
		C60A97CD5B7753B53A601432 /* Pods-IDEHospital.debug.xcconfig */ = {isa = PBXFileReference; includeInIndex = 1; lastKnownFileType = text.xcconfig; name = "Pods-IDEHospital.debug.xcconfig"; path = "Target Support Files/Pods-IDEHospital/Pods-IDEHospital.debug.xcconfig"; sourceTree = "<group>"; };
/* End PBXFileReference section */

/* Begin PBXFrameworksBuildPhase section */
		062FDF55257E669B00949D54 /* Frameworks */ = {
			isa = PBXFrameworksBuildPhase;
			buildActionMask = 2147483647;
			files = (
				97D6CEE065259CA6151A715D /* Pods_IDEHospital.framework in Frameworks */,
			);
			runOnlyForDeploymentPostprocessing = 0;
		};
/* End PBXFrameworksBuildPhase section */

/* Begin PBXGroup section */
		0605D66F258953B7006E38D8 /* MyFavorites */ = {
			isa = PBXGroup;
			children = (
				0605D6712589541D006E38D8 /* MyFavoritesVC.swift */,
				0605D6732589544F006E38D8 /* MyFavoritesView.swift */,
			);
			path = MyFavorites;
			sourceTree = "<group>";
		};
		0605D670258953C1006E38D8 /* MyAppointments */ = {
			isa = PBXGroup;
			children = (
				0644BB2B2590F47900963D65 /* MyAppointmentsVC.swift */,
				0644BB2D2590F48900963D65 /* MyAppointmentsView.swift */,
			);
			path = MyAppointments;
			sourceTree = "<group>";
		};
		0605D679258959B9006E38D8 /* MyFavoriteCell */ = {
			isa = PBXGroup;
			children = (
				0605D67A258959F3006E38D8 /* MyFavoriteCell.swift */,
				0605D67B258959F3006E38D8 /* MyFavoriteCell.xib */,
			);
			path = MyFavoriteCell;
			sourceTree = "<group>";
		};
		0605D6802589B608006E38D8 /* Buttons */ = {
			isa = PBXGroup;
			children = (
				0605D67E2589B602006E38D8 /* CustomButton.swift */,
			);
			path = Buttons;
			sourceTree = "<group>";
		};
		06064D2025830A62006ADB86 /* Colors */ = {
			isa = PBXGroup;
			children = (
				06064D2125830A8A006ADB86 /* Colors.txt */,
				06064D2325830CBB006ADB86 /* ColorsManager.swift */,
			);
			path = Colors;
			sourceTree = "<group>";
		};
		061D001A25A9F2C20007473D /* EditProfile */ = {
			isa = PBXGroup;
			children = (
				061D001B25A9F2E30007473D /* EditProfile.storyboard */,
			);
			path = EditProfile;
			sourceTree = "<group>";
		};
		061D001D25A9F9620007473D /* EditProfile */ = {
			isa = PBXGroup;
			children = (
				061D001E25A9F9860007473D /* EditProfileVC.swift */,
				061D002225A9F9F20007473D /* EditProfileView.swift */,
			);
			path = EditProfile;
			sourceTree = "<group>";
		};
		06243E0C258522FB00CC67EC /* LaunchScreen */ = {
			isa = PBXGroup;
			children = (
				0626448F259A606A00279C7C /* LaunchScreen.storyboard */,
			);
			path = LaunchScreen;
			sourceTree = "<group>";
		};
		06243E0D2585230600CC67EC /* Home */ = {
			isa = PBXGroup;
			children = (
				062FDF61257E669B00949D54 /* Home.storyboard */,
			);
			path = Home;
			sourceTree = "<group>";
		};
		06264482259A53DE00279C7C /* Home */ = {
			isa = PBXGroup;
			children = (
				06D046CC259B4FCD00F4B8C2 /* HomeViewModel.swift */,
				06264483259A53F000279C7C /* CategoryCellViewModel.swift */,
			);
			path = Home;
			sourceTree = "<group>";
		};
		062FDF4F257E669B00949D54 = {
			isa = PBXGroup;
			children = (
				062FDF5A257E669B00949D54 /* IDEHospital */,
				062FDF59257E669B00949D54 /* Products */,
				4D009CD1F446CACED9E3657C /* Pods */,
				53778EEAF6684817BFE08C39 /* Frameworks */,
			);
			sourceTree = "<group>";
		};
		062FDF59257E669B00949D54 /* Products */ = {
			isa = PBXGroup;
			children = (
				062FDF58257E669B00949D54 /* IDEHospital.app */,
			);
			name = Products;
			sourceTree = "<group>";
		};
		062FDF5A257E669B00949D54 /* IDEHospital */ = {
			isa = PBXGroup;
			children = (
				062FDF72257E670600949D54 /* Shared */,
				062FDF7B257E67CF00949D54 /* Networking */,
				062FDF7A257E67C500949D54 /* Managers */,
				062FDF77257E677B00949D54 /* Utilities */,
				062FDF76257E674A00949D54 /* Extensions */,
				062FDF6F257E66DF00949D54 /* Model */,
				062FDF71257E66E900949D54 /* ViewModel */,
				062FDF70257E66E400949D54 /* View */,
				062FDF73257E670E00949D54 /* Resources */,
				062FDF69257E669E00949D54 /* Info.plist */,
			);
			path = IDEHospital;
			sourceTree = "<group>";
		};
		062FDF6F257E66DF00949D54 /* Model */ = {
			isa = PBXGroup;
			children = (
				06E7DC4D2596985500382E2A /* Authentication */,
				999D8CF12582929900CAEA06 /* CategoryResponse.swift */,
				0655740D2582829900CFEE4F /* MainCategoriesResponse.swift */,
				99343E45258FC274008E069F /* SearchResults.swift */,
				99343E492590603C008E069F /* DoctorsFilter.swift */,
				99245A7B2592366800608FE1 /* RequestData.swift */,
				0699F05C258D1F3E00C2AF5F /* MyFavoriteResponse.swift */,
				0657F1A125911E03003C9586 /* MyAppointmentResponse.swift */,
				991ED242259A73F2008E3C76 /* AboutAndTerms.swift */,
				06EB2EB22599A01000AFEE13 /* Setting.swift */,
				995901E825A2D64300A5D5AF /* Review.swift */,
				9907EDA725A45F6E00C42E7B /* Appointment.swift */,
				06FE098F25A34E050002F0A4 /* Doctor.swift */,
				066B5AB325A4594B005BF3B9 /* Reviews.swift */,
				066B5AB525A46AB1005BF3B9 /* DoctorAppointment.swift */,
			);
			path = Model;
			sourceTree = "<group>";
		};
		062FDF70257E66E400949D54 /* View */ = {
			isa = PBXGroup;
			children = (
				061D001D25A9F9620007473D /* EditProfile */,
				9907ED9725A3DD8E00C42E7B /* PopUps */,
				06C0DD8325A25D05002ED4DF /* DoctorProfile */,
				06EB2EA825998A6800AFEE13 /* Setting */,
				06E7DC4B259697FD00382E2A /* Authentication */,
				06DD9941257FBA3800D36344 /* Home */,
				99E7AD0825825C0000AAB5B0 /* MainTabs */,
				99F395DD2589880600ACBD3B /* HomeNurseContactUs */,
				999A5C1E258E43A200FC0792 /* SearchResults */,
				06AB4F0F2583F87500A0B658 /* CustomViews */,
				991ED24A259A8529008E3C76 /* AboutAndTerms */,
				995901E525A29ED800A5D5AF /* Review */,
			);
			path = View;
			sourceTree = "<group>";
		};
		062FDF71257E66E900949D54 /* ViewModel */ = {
			isa = PBXGroup;
			children = (
				06A3D4E025B0AED80002C4A3 /* EditProfile */,
				06A3D4DF25B0AEC80002C4A3 /* Review */,
				06A3D4DE25B0AEC10002C4A3 /* Setting */,
				06A3D4DD25B0AEB40002C4A3 /* SearchResults */,
				06A3D4DC25B0AEA60002C4A3 /* HomeNurseContactUs */,
				06A3D4DB25B0AE9A0002C4A3 /* AboutAndTerms */,
				9907ED9D25A421C900C42E7B /* PopUps */,
				066B5AB725A48C68005BF3B9 /* DoctorProfile */,
				06264482259A53DE00279C7C /* Home */,
				06E7DC4C2596984900382E2A /* Authentication */,
				9966C2FC258263980016A8CB /* MainTabs */,
			);
			path = ViewModel;
			sourceTree = "<group>";
		};
		062FDF72257E670600949D54 /* Shared */ = {
			isa = PBXGroup;
			children = (
				062FDF5B257E669B00949D54 /* AppDelegate.swift */,
			);
			path = Shared;
			sourceTree = "<group>";
		};
		062FDF73257E670E00949D54 /* Resources */ = {
			isa = PBXGroup;
			children = (
				991B7B692586817900700114 /* Strings */,
				06064D2025830A62006ADB86 /* Colors */,
				06DD9938257FB47200D36344 /* Fonts */,
				062FDF74257E671400949D54 /* Storyboards */,
				062FDF75257E671A00949D54 /* Assets */,
				999A710D25845F6700678453 /* Colors */,
			);
			path = Resources;
			sourceTree = "<group>";
		};
		062FDF74257E671400949D54 /* Storyboards */ = {
			isa = PBXGroup;
			children = (
				061D001A25A9F2C20007473D /* EditProfile */,
				9907ED9425A3B53400C42E7B /* PopUps */,
				06C0DD8025A25030002ED4DF /* DoctorProfile */,
				06EB2EA5259989F800AFEE13 /* Setting */,
				06E7DC4E2596986C00382E2A /* Authentication */,
				06243E0D2585230600CC67EC /* Home */,
				06243E0C258522FB00CC67EC /* LaunchScreen */,
				99163DB62584B5AB007C351D /* MainTabs */,
				99F395E22589899C00ACBD3B /* HomeNurseContactUs */,
				998F8B15258E41C7006AB00A /* SearchResults */,
				9951E0C1259AB15E00DDB266 /* AboutAndTerms */,
				995901E025A29D8300A5D5AF /* Review */,
			);
			path = Storyboards;
			sourceTree = "<group>";
		};
		062FDF75257E671A00949D54 /* Assets */ = {
			isa = PBXGroup;
			children = (
				062FDF64257E669E00949D54 /* Assets.xcassets */,
				06064CE92582C693006ADB86 /* AssetsManager.swift */,
			);
			path = Assets;
			sourceTree = "<group>";
		};
		062FDF76257E674A00949D54 /* Extensions */ = {
			isa = PBXGroup;
			children = (
				999A710525840E1900678453 /* UIView */,
				06AB4F0B2583F84100A0B658 /* UIViewController */,
				06AB4F0C2583F84C00A0B658 /* UIImageVIew */,
				06AB4F0D2583F85500A0B658 /* UIColor */,
				99FD522C258CF80C0005110E /* String */,
				99430DE825A7C8AF000A850D /* Int */,
			);
			path = Extensions;
			sourceTree = "<group>";
		};
		062FDF77257E677B00949D54 /* Utilities */ = {
			isa = PBXGroup;
			children = (
				062FDF78257E678D00949D54 /* Constants.swift */,
			);
			path = Utilities;
			sourceTree = "<group>";
		};
		062FDF7A257E67C500949D54 /* Managers */ = {
			isa = PBXGroup;
			children = (
				062FDF7C257E67F200949D54 /* UserDefaultsManager.swift */,
				995CAC72258B9D6F0042527F /* ValidationManager.swift */,
			);
			path = Managers;
			sourceTree = "<group>";
		};
		062FDF7B257E67CF00949D54 /* Networking */ = {
			isa = PBXGroup;
			children = (
				062FDF7E257E687D00949D54 /* APIManager.swift */,
				062FDF80257E694700949D54 /* APIRouter.swift */,
			);
			path = Networking;
			sourceTree = "<group>";
		};
		0644BB262590EDD800963D65 /* MyAppointmentCell */ = {
			isa = PBXGroup;
			children = (
				0644BB272590EE0300963D65 /* MyAppointmentCell.swift */,
				0644BB282590EE0300963D65 /* MyAppointmentCell.xib */,
			);
			path = MyAppointmentCell;
			sourceTree = "<group>";
		};
		0644BB2F2590F4B200963D65 /* MyFavorites */ = {
			isa = PBXGroup;
			children = (
				0605D677258954E1006E38D8 /* MyFavoritesViewModel.swift */,
				0699F05E258D5A3A00C2AF5F /* MyFavoriteCellViewModel.swift */,
			);
			path = MyFavorites;
			sourceTree = "<group>";
		};
		0644BB302590F4C100963D65 /* MyAppointments */ = {
			isa = PBXGroup;
			children = (
				0644BB312590F4E000963D65 /* MyAppointmentsViewModel.swift */,
				0657F1A3259127B5003C9586 /* MyAppointmentCellViewModel.swift */,
			);
			path = MyAppointments;
			sourceTree = "<group>";
		};
		066B5AB725A48C68005BF3B9 /* DoctorProfile */ = {
			isa = PBXGroup;
			children = (
				06FE099125A34FF10002F0A4 /* DoctorProfileViewModel.swift */,
			);
			path = DoctorProfile;
			sourceTree = "<group>";
		};
		0678C11B2581B07200949700 /* CategoryCell */ = {
			isa = PBXGroup;
			children = (
				0678C11C2581B09500949700 /* CategoryCell.swift */,
				0678C11D2581B09500949700 /* CategoryCell.xib */,
			);
			path = CategoryCell;
			sourceTree = "<group>";
		};
		06950BA8259C293B00DF4ACB /* ScrollView */ = {
			isa = PBXGroup;
			children = (
				06950BA9259C295400DF4ACB /* CustomScrollView.swift */,
			);
			path = ScrollView;
			sourceTree = "<group>";
		};
		06A3D4DB25B0AE9A0002C4A3 /* AboutAndTerms */ = {
			isa = PBXGroup;
			children = (
				9951E0C2259AB1DF00DDB266 /* AboutAndTermsViewModel.swift */,
			);
			path = AboutAndTerms;
			sourceTree = "<group>";
		};
		06A3D4DC25B0AEA60002C4A3 /* HomeNurseContactUs */ = {
			isa = PBXGroup;
			children = (
				99F49F25258A8F6A0039A280 /* HomeNurseContactUsViewModel.swift */,
			);
			path = HomeNurseContactUs;
			sourceTree = "<group>";
		};
		06A3D4DD25B0AEB40002C4A3 /* SearchResults */ = {
			isa = PBXGroup;
			children = (
				99343E4725902FFF008E069F /* SearchResultsViewModel.swift */,
			);
			name = SearchResults;
			sourceTree = "<group>";
		};
		06A3D4DE25B0AEC10002C4A3 /* Setting */ = {
			isa = PBXGroup;
			children = (
				06EB2EB42599A09A00AFEE13 /* SettingViewModel.swift */,
			);
			path = Setting;
			sourceTree = "<group>";
		};
		06A3D4DF25B0AEC80002C4A3 /* Review */ = {
			isa = PBXGroup;
			children = (
				995901E625A2AD0C00A5D5AF /* ReviewViewModel.swift */,
			);
			path = Review;
			sourceTree = "<group>";
		};
		06A3D4E025B0AED80002C4A3 /* EditProfile */ = {
			isa = PBXGroup;
			children = (
				06A3D4E125B0AEE80002C4A3 /* EditProfileViewModel.swift */,
			);
			path = EditProfile;
			sourceTree = "<group>";
		};
		06AB4F0B2583F84100A0B658 /* UIViewController */ = {
			isa = PBXGroup;
			children = (
				062FDF82257E6F4A00949D54 /* UIViewController+Storyboard.swift */,
				999A71082584122200678453 /* UIViewController+ShowSimpleAlert.swift */,
				06AB4F10258404CA00A0B658 /* UIViewController+NavControllerSetup.swift */,
				067584C8258D7CDD00A65404 /* UIViewController+ShowAlert.swift */,
			);
			path = UIViewController;
			sourceTree = "<group>";
		};
		06AB4F0C2583F84C00A0B658 /* UIImageVIew */ = {
			isa = PBXGroup;
			children = (
				06BB4E202585397D00D2C4E3 /* UIImageView+CircularImage.swift */,
			);
			path = UIImageVIew;
			sourceTree = "<group>";
		};
		06AB4F0D2583F85500A0B658 /* UIColor */ = {
			isa = PBXGroup;
			children = (
				0678C1202581CA4C00949700 /* UIColor+getColorByHex.swift */,
			);
			path = UIColor;
			sourceTree = "<group>";
		};
		06AB4F0F2583F87500A0B658 /* CustomViews */ = {
			isa = PBXGroup;
			children = (
				06950BA8259C293B00DF4ACB /* ScrollView */,
				0605D6802589B608006E38D8 /* Buttons */,
				993AD119258731E1005311CD /* TextFields */,
				993AD118258731C9005311CD /* Cells */,
			);
			path = CustomViews;
			sourceTree = "<group>";
		};
		06C0DD8025A25030002ED4DF /* DoctorProfile */ = {
			isa = PBXGroup;
			children = (
				06C0DD8125A25047002ED4DF /* DoctorProfile.storyboard */,
			);
			path = DoctorProfile;
			sourceTree = "<group>";
		};
		06C0DD8325A25D05002ED4DF /* DoctorProfile */ = {
			isa = PBXGroup;
			children = (
				06C0DD8425A25D16002ED4DF /* DoctorProfileVC.swift */,
				06C0DD8625A25D52002ED4DF /* DoctorProfileView.swift */,
			);
			path = DoctorProfile;
			sourceTree = "<group>";
		};
		06DD9938257FB47200D36344 /* Fonts */ = {
			isa = PBXGroup;
			children = (
				991B7B6C2586877400700114 /* FontsManager.swift */,
				06DD9959257FE68E00D36344 /* PTSans-Bold.ttf */,
				06DD9958257FE68E00D36344 /* PTSans-BoldItalic.ttf */,
				06DD9956257FE68E00D36344 /* PTSans-Italic.ttf */,
				06DD9957257FE68E00D36344 /* PTSans-Regular.ttf */,
			);
			path = Fonts;
			sourceTree = "<group>";
		};
		06DD9941257FBA3800D36344 /* Home */ = {
			isa = PBXGroup;
			children = (
				06DD9942257FBAA100D36344 /* HomeVC.swift */,
				06DD993F257FBA3100D36344 /* HomeView.swift */,
			);
			path = Home;
			sourceTree = "<group>";
		};
		06E7DC4B259697FD00382E2A /* Authentication */ = {
			isa = PBXGroup;
			children = (
				06E7DC512596988B00382E2A /* ResetPassword */,
				06E7DC502596988400382E2A /* Signup */,
				06E7DC4F2596987C00382E2A /* Login */,
			);
			path = Authentication;
			sourceTree = "<group>";
		};
		06E7DC4C2596984900382E2A /* Authentication */ = {
			isa = PBXGroup;
			children = (
				06EB2E9D259930C800AFEE13 /* SignupViewModel.swift */,
				06EB2EA12599732800AFEE13 /* LoginViewModel.swift */,
				06EB2EA325997D5F00AFEE13 /* ResetPasswordViewModel.swift */,
			);
			path = Authentication;
			sourceTree = "<group>";
		};
		06E7DC4D2596985500382E2A /* Authentication */ = {
			isa = PBXGroup;
			children = (
				06EB2E992599268500AFEE13 /* User.swift */,
				06EB2E9B259926F500AFEE13 /* AuthResponse.swift */,
				990184FC25B2A7AF00D8C179 /* UserAndBooking.swift */,
			);
			path = Authentication;
			sourceTree = "<group>";
		};
		06E7DC4E2596986C00382E2A /* Authentication */ = {
			isa = PBXGroup;
			children = (
				06E7DC52259698C500382E2A /* Authentication.storyboard */,
			);
			path = Authentication;
			sourceTree = "<group>";
		};
		06E7DC4F2596987C00382E2A /* Login */ = {
			isa = PBXGroup;
			children = (
				06EB2E91259910E800AFEE13 /* LoginVC.swift */,
				06EB2E93259910FE00AFEE13 /* LoginView.swift */,
			);
			path = Login;
			sourceTree = "<group>";
		};
		06E7DC502596988400382E2A /* Signup */ = {
			isa = PBXGroup;
			children = (
				06EB2E952599177F00AFEE13 /* SignupVC.swift */,
				06EB2E972599178E00AFEE13 /* SignupView.swift */,
			);
			path = Signup;
			sourceTree = "<group>";
		};
		06E7DC512596988B00382E2A /* ResetPassword */ = {
			isa = PBXGroup;
			children = (
				06E7DC54259698F400382E2A /* ResetPasswordVC.swift */,
				06E7DC562596992700382E2A /* ResetPasswordView.swift */,
			);
			path = ResetPassword;
			sourceTree = "<group>";
		};
		06EB2EA5259989F800AFEE13 /* Setting */ = {
			isa = PBXGroup;
			children = (
				06EB2EA625998A0800AFEE13 /* Setting.storyboard */,
			);
			path = Setting;
			sourceTree = "<group>";
		};
		06EB2EA825998A6800AFEE13 /* Setting */ = {
			isa = PBXGroup;
			children = (
				06EB2EA925998A7E00AFEE13 /* SettingVC.swift */,
				06EB2EAB25998A9800AFEE13 /* SettingView.swift */,
			);
			path = Setting;
			sourceTree = "<group>";
		};
		06EB2EAD25998D9A00AFEE13 /* SettingCell */ = {
			isa = PBXGroup;
			children = (
				06EB2EAE25998DB000AFEE13 /* SettingCell.swift */,
				06EB2EAF25998DB000AFEE13 /* SettingCell.xib */,
			);
			path = SettingCell;
			sourceTree = "<group>";
		};
		06FE098525A321980002F0A4 /* TimeCell */ = {
			isa = PBXGroup;
			children = (
				06FE098625A321B30002F0A4 /* TimeCell.swift */,
				06FE098725A321B30002F0A4 /* TimeCell.xib */,
			);
			path = TimeCell;
			sourceTree = "<group>";
		};
		06FE098A25A331F30002F0A4 /* ReviewCell */ = {
			isa = PBXGroup;
			children = (
				06FE098B25A332360002F0A4 /* ReviewCell.swift */,
				06FE098C25A332360002F0A4 /* ReviewCell.xib */,
			);
			path = ReviewCell;
			sourceTree = "<group>";
		};
		4D009CD1F446CACED9E3657C /* Pods */ = {
			isa = PBXGroup;
			children = (
				C60A97CD5B7753B53A601432 /* Pods-IDEHospital.debug.xcconfig */,
				8569C0829D2161F9E9E57603 /* Pods-IDEHospital.release.xcconfig */,
			);
			path = Pods;
			sourceTree = "<group>";
		};
		53778EEAF6684817BFE08C39 /* Frameworks */ = {
			isa = PBXGroup;
			children = (
				39C6039448DDB167416F6840 /* Pods_IDEHospital.framework */,
			);
			name = Frameworks;
			sourceTree = "<group>";
		};
		9907ED9425A3B53400C42E7B /* PopUps */ = {
			isa = PBXGroup;
			children = (
				9907ED9525A3B55100C42E7B /* VoucherPopUp.storyboard */,
				9907EDA025A43F9A00C42E7B /* ConfirmAppointmentPopUp.storyboard */,
				9907EDAB25A49F0800C42E7B /* YesOrNoPopUp.storyboard */,
				9907EDB425A4FAE000C42E7B /* SuccessOrFailurePopUp.storyboard */,
				996BAB9F25AA8FF50005B57A /* UnAuthenticatedPopUp.storyboard */,
			);
			path = PopUps;
			sourceTree = "<group>";
		};
		9907ED9725A3DD8E00C42E7B /* PopUps */ = {
			isa = PBXGroup;
			children = (
				9907EDAD25A4A3A800C42E7B /* YesOrNoPopUp */,
				9907EDA225A4442D00C42E7B /* ConfirmAppointmentPopUp */,
				9907ED9825A3DD9B00C42E7B /* VoucherPopUp */,
				99EEA1C025A638680081D336 /* SuccessOrFailurePopUp */,
				996BABA525AA97560005B57A /* UnAuthenticatedPopUp */,
			);
			path = PopUps;
			sourceTree = "<group>";
		};
		9907ED9825A3DD9B00C42E7B /* VoucherPopUp */ = {
			isa = PBXGroup;
			children = (
				9907ED9925A3DDBE00C42E7B /* VoucherPopUpVC.swift */,
				9907ED9B25A3DDDA00C42E7B /* VoucherPopUpView.swift */,
			);
			path = VoucherPopUp;
			sourceTree = "<group>";
		};
		9907ED9D25A421C900C42E7B /* PopUps */ = {
			isa = PBXGroup;
			children = (
				9907ED9E25A421F000C42E7B /* VoucherPopUpViewModel.swift */,
				9907EDA925A481A700C42E7B /* ConfirmAppointmentPopUpViewModel.swift */,
				9907EDB225A4A78F00C42E7B /* YesOrNoPopUpViewModel.swift */,
				9907EDBA25A4FC5D00C42E7B /* SuccessOrFailurePopUpViewModel.swift */,
				990B981425B23B2E000F6E9B /* UnAuthenticatedPopUpViewModel.swift */,
			);
			path = PopUps;
			sourceTree = "<group>";
		};
		9907EDA225A4442D00C42E7B /* ConfirmAppointmentPopUp */ = {
			isa = PBXGroup;
			children = (
				9907EDA325A4445900C42E7B /* ConfirmAppointmentPopUpView.swift */,
				9907EDA525A4447800C42E7B /* ConfirmAppointmentPopUpVC.swift */,
			);
			path = ConfirmAppointmentPopUp;
			sourceTree = "<group>";
		};
		9907EDAD25A4A3A800C42E7B /* YesOrNoPopUp */ = {
			isa = PBXGroup;
			children = (
				9907EDAE25A4A3C100C42E7B /* YesOrNoPopUpVC.swift */,
				9907EDB025A4A42F00C42E7B /* YesOrNoPopUpView.swift */,
			);
			path = YesOrNoPopUp;
			sourceTree = "<group>";
		};
		99163DB62584B5AB007C351D /* MainTabs */ = {
			isa = PBXGroup;
			children = (
				99697C61257F803900B6BFBE /* ServiceSearch.storyboard */,
				0605D67525895473006E38D8 /* MyFavorites.storyboard */,
				0644BB332590F6E600963D65 /* MyAppointments.storyboard */,
			);
			path = MainTabs;
			sourceTree = "<group>";
		};
		991B7B692586817900700114 /* Strings */ = {
			isa = PBXGroup;
			children = (
				991B7B6E2586878300700114 /* StringsManager.swift */,
				991B7B6A258681CB00700114 /* Localizable.strings */,
			);
			path = Strings;
			sourceTree = "<group>";
		};
		991ED24A259A8529008E3C76 /* AboutAndTerms */ = {
			isa = PBXGroup;
			children = (
				991ED246259A84CA008E3C76 /* AboutAndTermsVC.swift */,
				991ED248259A851E008E3C76 /* AboutAndTermsView.swift */,
			);
			path = AboutAndTerms;
			sourceTree = "<group>";
		};
		993AD118258731C9005311CD /* Cells */ = {
			isa = PBXGroup;
			children = (
				06FE098A25A331F30002F0A4 /* ReviewCell */,
				06FE098525A321980002F0A4 /* TimeCell */,
				06EB2EAD25998D9A00AFEE13 /* SettingCell */,
				0644BB262590EDD800963D65 /* MyAppointmentCell */,
				0605D679258959B9006E38D8 /* MyFavoriteCell */,
				0678C11B2581B07200949700 /* CategoryCell */,
				9990F7EF258D752E00991401 /* SearchResults */,
			);
			path = Cells;
			sourceTree = "<group>";
		};
		993AD119258731E1005311CD /* TextFields */ = {
			isa = PBXGroup;
			children = (
				99F49F27258A955F0039A280 /* IDEAHospitalTextField.swift */,
				993AD11A25873212005311CD /* PaddedTextField.swift */,
				99D14841258EF48E009443F2 /* SortTextField.swift */,
			);
			path = TextFields;
			sourceTree = "<group>";
		};
		99430DE825A7C8AF000A850D /* Int */ = {
			isa = PBXGroup;
			children = (
				99430DE625A7C7BC000A850D /* Int+Timestamp.swift */,
			);
			path = Int;
			sourceTree = "<group>";
		};
		9951E0C1259AB15E00DDB266 /* AboutAndTerms */ = {
			isa = PBXGroup;
			children = (
				991ED244259A82E0008E3C76 /* AboutAndTerms.storyboard */,
			);
			path = AboutAndTerms;
			sourceTree = "<group>";
		};
		995901E025A29D8300A5D5AF /* Review */ = {
			isa = PBXGroup;
			children = (
				995901DE25A29D7700A5D5AF /* Review.storyboard */,
			);
			path = Review;
			sourceTree = "<group>";
		};
		995901E525A29ED800A5D5AF /* Review */ = {
			isa = PBXGroup;
			children = (
				995901E125A29EAF00A5D5AF /* ReviewView.swift */,
				995901E325A29ECC00A5D5AF /* ReviewVC.swift */,
			);
			path = Review;
			sourceTree = "<group>";
		};
		9966C2FC258263980016A8CB /* MainTabs */ = {
			isa = PBXGroup;
			children = (
				9966C2FA2582636B0016A8CB /* ServiceSearchViewModel.swift */,
				0644BB2F2590F4B200963D65 /* MyFavorites */,
				0644BB302590F4C100963D65 /* MyAppointments */,
			);
			path = MainTabs;
			sourceTree = "<group>";
		};
		99697C63257F806400B6BFBE /* ServiceSearch */ = {
			isa = PBXGroup;
			children = (
				99697C64257F80BD00B6BFBE /* ServiceSearchVC.swift */,
				99697C66257F80DB00B6BFBE /* ServiceSearchView.swift */,
			);
			path = ServiceSearch;
			sourceTree = "<group>";
		};
		996BABA525AA97560005B57A /* UnAuthenticatedPopUp */ = {
			isa = PBXGroup;
			children = (
				996BABA125AA971E0005B57A /* UnAuthenticatedPopUpVC.swift */,
				996BABA625AA98090005B57A /* UnAuthenticatedPopUpView.swift */,
			);
			path = UnAuthenticatedPopUp;
			sourceTree = "<group>";
		};
		998F8B15258E41C7006AB00A /* SearchResults */ = {
			isa = PBXGroup;
			children = (
				998F8B13258E41BA006AB00A /* SearchResults.storyboard */,
			);
			path = SearchResults;
			sourceTree = "<group>";
		};
		9990F7EF258D752E00991401 /* SearchResults */ = {
			isa = PBXGroup;
			children = (
				9990F7EB258D751B00991401 /* SearchResultsCell.swift */,
				9990F7EC258D751B00991401 /* SearchResultsCell.xib */,
			);
			path = SearchResults;
			sourceTree = "<group>";
		};
		999A5C1E258E43A200FC0792 /* SearchResults */ = {
			isa = PBXGroup;
			children = (
				999A5C1A258E434200FC0792 /* SearchResultsVC.swift */,
				999A5C1C258E438900FC0792 /* SearchResultsView.swift */,
			);
			path = SearchResults;
			sourceTree = "<group>";
		};
		999A710525840E1900678453 /* UIView */ = {
			isa = PBXGroup;
			children = (
				9938FC24258173CC003781E5 /* UIView+CornerRadius.swift */,
				9938FC222580FBBB003781E5 /* UIView+SetupBackground.swift */,
				062FDF84257E6F9B00949D54 /* UIView+ActivityIndicator.swift */,
			);
			path = UIView;
			sourceTree = "<group>";
		};
		999A710D25845F6700678453 /* Colors */ = {
			isa = PBXGroup;
			children = (
				99F90A7125847F44006E7B91 /* ColorsManager.swift */,
				99F90A6F25847B4A006E7B91 /* Colors.txt */,
			);
			path = Colors;
			sourceTree = "<group>";
		};
		99E7AD0825825C0000AAB5B0 /* MainTabs */ = {
			isa = PBXGroup;
			children = (
				99E7AD0625824E2800AAB5B0 /* MainTabBar.swift */,
				99697C63257F806400B6BFBE /* ServiceSearch */,
				0605D670258953C1006E38D8 /* MyAppointments */,
				0605D66F258953B7006E38D8 /* MyFavorites */,
			);
			path = MainTabs;
			sourceTree = "<group>";
		};
		99EEA1C025A638680081D336 /* SuccessOrFailurePopUp */ = {
			isa = PBXGroup;
			children = (
				9907EDB625A4FAFB00C42E7B /* SuccessOrFailurePopUpView.swift */,
				9907EDB825A4FB1900C42E7B /* SuccessOrFailurePopUpVC.swift */,
			);
			path = SuccessOrFailurePopUp;
			sourceTree = "<group>";
		};
		99F395DD2589880600ACBD3B /* HomeNurseContactUs */ = {
			isa = PBXGroup;
			children = (
				99F395DE2589894E00ACBD3B /* HomeNurseContactUsVC.swift */,
				99F395E325898E0700ACBD3B /* HomeNurseContactUsView.swift */,
			);
			path = HomeNurseContactUs;
			sourceTree = "<group>";
		};
		99F395E22589899C00ACBD3B /* HomeNurseContactUs */ = {
			isa = PBXGroup;
			children = (
				99F395E02589899600ACBD3B /* HomeNurseContactUs.storyboard */,
			);
			path = HomeNurseContactUs;
			sourceTree = "<group>";
		};
		99FD522C258CF80C0005110E /* String */ = {
			isa = PBXGroup;
			children = (
				991ED240259A7303008E3C76 /* String+ToHTML.swift */,
				995CAC74258B9EC40042527F /* String+Trimming.swift */,
				06EB2E9F25994EB900AFEE13 /* String+Regex.swift */,
			);
			path = String;
			sourceTree = "<group>";
		};
/* End PBXGroup section */

/* Begin PBXNativeTarget section */
		062FDF57257E669B00949D54 /* IDEHospital */ = {
			isa = PBXNativeTarget;
			buildConfigurationList = 062FDF6C257E669E00949D54 /* Build configuration list for PBXNativeTarget "IDEHospital" */;
			buildPhases = (
				1B28C4F41D389A5B66362C11 /* [CP] Check Pods Manifest.lock */,
				999A710A25845C7F00678453 /* SwiftGen */,
				062FDF54257E669B00949D54 /* Sources */,
				062FDF55257E669B00949D54 /* Frameworks */,
				062FDF56257E669B00949D54 /* Resources */,
				8E8B934D498A6655D381C529 /* [CP] Embed Pods Frameworks */,
			);
			buildRules = (
			);
			dependencies = (
			);
			name = IDEHospital;
			productName = IDEHospital;
			productReference = 062FDF58257E669B00949D54 /* IDEHospital.app */;
			productType = "com.apple.product-type.application";
		};
/* End PBXNativeTarget section */

/* Begin PBXProject section */
		062FDF50257E669B00949D54 /* Project object */ = {
			isa = PBXProject;
			attributes = {
				LastSwiftUpdateCheck = 1170;
				LastUpgradeCheck = 1170;
				ORGANIZATIONNAME = IDEAcademy;
				TargetAttributes = {
					062FDF57257E669B00949D54 = {
						CreatedOnToolsVersion = 11.7;
					};
				};
			};
			buildConfigurationList = 062FDF53257E669B00949D54 /* Build configuration list for PBXProject "IDEHospital" */;
			compatibilityVersion = "Xcode 9.3";
			developmentRegion = en;
			hasScannedForEncodings = 0;
			knownRegions = (
				en,
				Base,
			);
			mainGroup = 062FDF4F257E669B00949D54;
			productRefGroup = 062FDF59257E669B00949D54 /* Products */;
			projectDirPath = "";
			projectRoot = "";
			targets = (
				062FDF57257E669B00949D54 /* IDEHospital */,
			);
		};
/* End PBXProject section */

/* Begin PBXResourcesBuildPhase section */
		062FDF56257E669B00949D54 /* Resources */ = {
			isa = PBXResourcesBuildPhase;
			buildActionMask = 2147483647;
			files = (
				9907EDB525A4FAE000C42E7B /* SuccessOrFailurePopUp.storyboard in Resources */,
				996BABA025AA8FF50005B57A /* UnAuthenticatedPopUp.storyboard in Resources */,
				06D046D2259B50B000F4B8C2 /* HomeNurseContactUs.storyboard in Resources */,
				06BB4E1F2585337200D2C4E3 /* Assets.xcassets in Resources */,
				991ED245259A82E0008E3C76 /* AboutAndTerms.storyboard in Resources */,
				0644BB342590F6E600963D65 /* MyAppointments.storyboard in Resources */,
				991B7B6B258681CB00700114 /* Localizable.strings in Resources */,
				0644BB2A2590EE0300963D65 /* MyAppointmentCell.xib in Resources */,
				99F90A7025847B4A006E7B91 /* Colors.txt in Resources */,
				0605D67D258959F3006E38D8 /* MyFavoriteCell.xib in Resources */,
				06EB2EA725998A0800AFEE13 /* Setting.storyboard in Resources */,
				99697C62257F803900B6BFBE /* ServiceSearch.storyboard in Resources */,
				06DD995B257FE68E00D36344 /* PTSans-Regular.ttf in Resources */,
				995901DF25A29D7700A5D5AF /* Review.storyboard in Resources */,
				06DD995C257FE68E00D36344 /* PTSans-BoldItalic.ttf in Resources */,
				06FE098925A321B30002F0A4 /* TimeCell.xib in Resources */,
				06E7DC53259698C500382E2A /* Authentication.storyboard in Resources */,
				9990F7EE258D751B00991401 /* SearchResultsCell.xib in Resources */,
				9907ED9625A3B55100C42E7B /* VoucherPopUp.storyboard in Resources */,
				06DD995A257FE68E00D36344 /* PTSans-Italic.ttf in Resources */,
				06FE098E25A332360002F0A4 /* ReviewCell.xib in Resources */,
				062FDF63257E669B00949D54 /* Home.storyboard in Resources */,
				06C0DD8225A25047002ED4DF /* DoctorProfile.storyboard in Resources */,
				06EB2EB125998DB000AFEE13 /* SettingCell.xib in Resources */,
				998F8B14258E41BA006AB00A /* SearchResults.storyboard in Resources */,
				9907EDA125A43F9A00C42E7B /* ConfirmAppointmentPopUp.storyboard in Resources */,
				06DD995D257FE68E00D36344 /* PTSans-Bold.ttf in Resources */,
				06264490259A606A00279C7C /* LaunchScreen.storyboard in Resources */,
				061D001C25A9F2E30007473D /* EditProfile.storyboard in Resources */,
				0605D67625895473006E38D8 /* MyFavorites.storyboard in Resources */,
				0678C11F2581B09500949700 /* CategoryCell.xib in Resources */,
				9907EDAC25A49F0800C42E7B /* YesOrNoPopUp.storyboard in Resources */,
			);
			runOnlyForDeploymentPostprocessing = 0;
		};
/* End PBXResourcesBuildPhase section */

/* Begin PBXShellScriptBuildPhase section */
		1B28C4F41D389A5B66362C11 /* [CP] Check Pods Manifest.lock */ = {
			isa = PBXShellScriptBuildPhase;
			buildActionMask = 2147483647;
			files = (
			);
			inputFileListPaths = (
			);
			inputPaths = (
				"${PODS_PODFILE_DIR_PATH}/Podfile.lock",
				"${PODS_ROOT}/Manifest.lock",
			);
			name = "[CP] Check Pods Manifest.lock";
			outputFileListPaths = (
			);
			outputPaths = (
				"$(DERIVED_FILE_DIR)/Pods-IDEHospital-checkManifestLockResult.txt",
			);
			runOnlyForDeploymentPostprocessing = 0;
			shellPath = /bin/sh;
			shellScript = "diff \"${PODS_PODFILE_DIR_PATH}/Podfile.lock\" \"${PODS_ROOT}/Manifest.lock\" > /dev/null\nif [ $? != 0 ] ; then\n    # print error to STDERR\n    echo \"error: The sandbox is not in sync with the Podfile.lock. Run 'pod install' or update your CocoaPods installation.\" >&2\n    exit 1\nfi\n# This output is used by Xcode 'outputs' to avoid re-running this script phase.\necho \"SUCCESS\" > \"${SCRIPT_OUTPUT_FILE_0}\"\n";
			showEnvVarsInLog = 0;
		};
		8E8B934D498A6655D381C529 /* [CP] Embed Pods Frameworks */ = {
			isa = PBXShellScriptBuildPhase;
			buildActionMask = 2147483647;
			files = (
			);
			inputFileListPaths = (
				"${PODS_ROOT}/Target Support Files/Pods-IDEHospital/Pods-IDEHospital-frameworks-${CONFIGURATION}-input-files.xcfilelist",
			);
			name = "[CP] Embed Pods Frameworks";
			outputFileListPaths = (
				"${PODS_ROOT}/Target Support Files/Pods-IDEHospital/Pods-IDEHospital-frameworks-${CONFIGURATION}-output-files.xcfilelist",
			);
			runOnlyForDeploymentPostprocessing = 0;
			shellPath = /bin/sh;
			shellScript = "\"${PODS_ROOT}/Target Support Files/Pods-IDEHospital/Pods-IDEHospital-frameworks.sh\"\n";
			showEnvVarsInLog = 0;
		};
		999A710A25845C7F00678453 /* SwiftGen */ = {
			isa = PBXShellScriptBuildPhase;
			buildActionMask = 2147483647;
			files = (
			);
			inputFileListPaths = (
			);
			inputPaths = (
			);
			name = SwiftGen;
			outputFileListPaths = (
			);
			outputPaths = (
			);
			runOnlyForDeploymentPostprocessing = 0;
			shellPath = /bin/sh;
			shellScript = "# Type a script or drag a script file from your workspace to insert its path.\n$PODS_ROOT/SwiftGen/bin/swiftgen\n";
		};
/* End PBXShellScriptBuildPhase section */

/* Begin PBXSourcesBuildPhase section */
		062FDF54257E669B00949D54 /* Sources */ = {
			isa = PBXSourcesBuildPhase;
			buildActionMask = 2147483647;
			files = (
				996BABA225AA971E0005B57A /* UnAuthenticatedPopUpVC.swift in Sources */,
				06D046D1259B509600F4B8C2 /* MyFavoriteCellViewModel.swift in Sources */,
				06A3D4E225B0AEE80002C4A3 /* EditProfileViewModel.swift in Sources */,
				06D046D0259B508000F4B8C2 /* HomeNurseContactUsViewModel.swift in Sources */,
				06D046CF259B505200F4B8C2 /* HomeNurseContactUsView.swift in Sources */,
				06D046CE259B504E00F4B8C2 /* HomeNurseContactUsVC.swift in Sources */,
				066B5AB625A46AB1005BF3B9 /* DoctorAppointment.swift in Sources */,
				99F4D946259259C20078BE1D /* UIView+ActivityIndicator.swift in Sources */,
				99F4D947259259C20078BE1D /* UIViewController+ShowSimpleAlert.swift in Sources */,
				06EB2EB025998DB000AFEE13 /* SettingCell.swift in Sources */,
				9907ED9A25A3DDBE00C42E7B /* VoucherPopUpVC.swift in Sources */,
				9907EDA425A4445900C42E7B /* ConfirmAppointmentPopUpView.swift in Sources */,
				06EB2EA025994EB900AFEE13 /* String+Regex.swift in Sources */,
				06E7DC55259698F400382E2A /* ResetPasswordVC.swift in Sources */,
				99F4D948259259C20078BE1D /* UIImageView+CircularImage.swift in Sources */,
				9907EDBB25A4FC5D00C42E7B /* SuccessOrFailurePopUpViewModel.swift in Sources */,
				995CAC73258B9D6F0042527F /* ValidationManager.swift in Sources */,
				991ED249259A851E008E3C76 /* AboutAndTermsView.swift in Sources */,
				99D14842258EF48E009443F2 /* SortTextField.swift in Sources */,
				06FE098D25A332360002F0A4 /* ReviewCell.swift in Sources */,
				06BB4E1E2585334700D2C4E3 /* APIRouter.swift in Sources */,
				99697C67257F80DB00B6BFBE /* ServiceSearchView.swift in Sources */,
				06C0DD8725A25D52002ED4DF /* DoctorProfileView.swift in Sources */,
				0644BB322590F4E000963D65 /* MyAppointmentsViewModel.swift in Sources */,
				9951E0C3259AB1E000DDB266 /* AboutAndTermsViewModel.swift in Sources */,
				06C0DD8525A25D16002ED4DF /* DoctorProfileVC.swift in Sources */,
				99E7AD0725824E2800AAB5B0 /* MainTabBar.swift in Sources */,
				991ED241259A7303008E3C76 /* String+ToHTML.swift in Sources */,
				99697C65257F80BD00B6BFBE /* ServiceSearchVC.swift in Sources */,
				0678C11E2581B09500949700 /* CategoryCell.swift in Sources */,
				993AD11B25873212005311CD /* PaddedTextField.swift in Sources */,
				995CAC75258B9EC40042527F /* String+Trimming.swift in Sources */,
				9907EDB925A4FB1900C42E7B /* SuccessOrFailurePopUpVC.swift in Sources */,
				0644BB2E2590F48900963D65 /* MyAppointmentsView.swift in Sources */,
				06EB2EAA25998A7E00AFEE13 /* SettingVC.swift in Sources */,
				999D8CF22582929900CAEA06 /* CategoryResponse.swift in Sources */,
				99F90A7225847F44006E7B91 /* ColorsManager.swift in Sources */,
				0699F05D258D1F3E00C2AF5F /* MyFavoriteResponse.swift in Sources */,
				06EB2E94259910FE00AFEE13 /* LoginView.swift in Sources */,
				062FDF5C257E669B00949D54 /* AppDelegate.swift in Sources */,
				9907EDB125A4A42F00C42E7B /* YesOrNoPopUpView.swift in Sources */,
				990184FD25B2A7AF00D8C179 /* UserAndBooking.swift in Sources */,
				0644BB2C2590F47900963D65 /* MyAppointmentsVC.swift in Sources */,
				991ED243259A73F2008E3C76 /* AboutAndTerms.swift in Sources */,
				995901E725A2AD0C00A5D5AF /* ReviewViewModel.swift in Sources */,
				06264484259A53F000279C7C /* CategoryCellViewModel.swift in Sources */,
				06AB4F11258404CA00A0B658 /* UIViewController+NavControllerSetup.swift in Sources */,
				9907EDAA25A481A700C42E7B /* ConfirmAppointmentPopUpViewModel.swift in Sources */,
				0644BB292590EE0300963D65 /* MyAppointmentCell.swift in Sources */,
				0678C1212581CA4C00949700 /* UIColor+getColorByHex.swift in Sources */,
				9907EDA825A45F6E00C42E7B /* Appointment.swift in Sources */,
				991B7B6F2586878300700114 /* StringsManager.swift in Sources */,
				995901E225A29EAF00A5D5AF /* ReviewView.swift in Sources */,
				06DD9940257FBA3100D36344 /* HomeView.swift in Sources */,
				06E7DC572596992700382E2A /* ResetPasswordView.swift in Sources */,
				995901E425A29ECC00A5D5AF /* ReviewVC.swift in Sources */,
				9907EDB325A4A78F00C42E7B /* YesOrNoPopUpViewModel.swift in Sources */,
				06EB2EAC25998A9800AFEE13 /* SettingView.swift in Sources */,
				062FDF7F257E687D00949D54 /* APIManager.swift in Sources */,
				99343E4825902FFF008E069F /* SearchResultsViewModel.swift in Sources */,
				06FE099025A34E050002F0A4 /* Doctor.swift in Sources */,
				0605D67F2589B602006E38D8 /* CustomButton.swift in Sources */,
				06064CEA2582C693006ADB86 /* AssetsManager.swift in Sources */,
				991B7B6D2586877400700114 /* FontsManager.swift in Sources */,
				9907EDA625A4447800C42E7B /* ConfirmAppointmentPopUpVC.swift in Sources */,
				06EB2EA22599732800AFEE13 /* LoginViewModel.swift in Sources */,
				99343E4A2590603C008E069F /* DoctorsFilter.swift in Sources */,
				062FDF7D257E67F200949D54 /* UserDefaultsManager.swift in Sources */,
				9990F7ED258D751B00991401 /* SearchResultsCell.swift in Sources */,
				06EB2E92259910E800AFEE13 /* LoginVC.swift in Sources */,
				066B5AB425A4594B005BF3B9 /* Reviews.swift in Sources */,
				06FE098825A321B30002F0A4 /* TimeCell.swift in Sources */,
				996BABA725AA98090005B57A /* UnAuthenticatedPopUpView.swift in Sources */,
				062FDF79257E678D00949D54 /* Constants.swift in Sources */,
				99430DE725A7C7BC000A850D /* Int+Timestamp.swift in Sources */,
				06EB2EB52599A09A00AFEE13 /* SettingViewModel.swift in Sources */,
				06EB2EA425997D5F00AFEE13 /* ResetPasswordViewModel.swift in Sources */,
				06DD9943257FBAA100D36344 /* HomeVC.swift in Sources */,
				06950BAA259C295400DF4ACB /* CustomScrollView.swift in Sources */,
				06EB2E9A2599268500AFEE13 /* User.swift in Sources */,
				999A5C1D258E438900FC0792 /* SearchResultsView.swift in Sources */,
				062FDF83257E6F4A00949D54 /* UIViewController+Storyboard.swift in Sources */,
				9966C2FB2582636B0016A8CB /* ServiceSearchViewModel.swift in Sources */,
				061D001F25A9F9860007473D /* EditProfileVC.swift in Sources */,
				06EB2E962599177F00AFEE13 /* SignupVC.swift in Sources */,
				06EB2E9E259930C800AFEE13 /* SignupViewModel.swift in Sources */,
				9938FC25258173CC003781E5 /* UIView+CornerRadius.swift in Sources */,
				995901E925A2D64300A5D5AF /* Review.swift in Sources */,
				0605D6722589541D006E38D8 /* MyFavoritesVC.swift in Sources */,
				9938FC232580FBBB003781E5 /* UIView+SetupBackground.swift in Sources */,
				9907EDB725A4FAFB00C42E7B /* SuccessOrFailurePopUpView.swift in Sources */,
				06D046CD259B4FCD00F4B8C2 /* HomeViewModel.swift in Sources */,
				99343E46258FC274008E069F /* SearchResults.swift in Sources */,
				99F49F28258A955F0039A280 /* IDEAHospitalTextField.swift in Sources */,
				061D002325A9F9F20007473D /* EditProfileView.swift in Sources */,
				0657F1A4259127B5003C9586 /* MyAppointmentCellViewModel.swift in Sources */,
				9907ED9F25A421F000C42E7B /* VoucherPopUpViewModel.swift in Sources */,
				06EB2E9C259926F500AFEE13 /* AuthResponse.swift in Sources */,
				0657F1A225911E03003C9586 /* MyAppointmentResponse.swift in Sources */,
				067584C9258D7CDD00A65404 /* UIViewController+ShowAlert.swift in Sources */,
				990B981525B23B2E000F6E9B /* UnAuthenticatedPopUpViewModel.swift in Sources */,
				9907ED9C25A3DDDA00C42E7B /* VoucherPopUpView.swift in Sources */,
				06EB2EB32599A01000AFEE13 /* Setting.swift in Sources */,
				0605D67C258959F3006E38D8 /* MyFavoriteCell.swift in Sources */,
				0605D678258954E1006E38D8 /* MyFavoritesViewModel.swift in Sources */,
				0605D6742589544F006E38D8 /* MyFavoritesView.swift in Sources */,
				991ED247259A84CA008E3C76 /* AboutAndTermsVC.swift in Sources */,
				06FE099225A34FF10002F0A4 /* DoctorProfileViewModel.swift in Sources */,
				06EB2E982599178E00AFEE13 /* SignupView.swift in Sources */,
				0655740E2582829900CFEE4F /* MainCategoriesResponse.swift in Sources */,
				99245A7C2592366800608FE1 /* RequestData.swift in Sources */,
				999A5C1B258E434200FC0792 /* SearchResultsVC.swift in Sources */,
				9907EDAF25A4A3C100C42E7B /* YesOrNoPopUpVC.swift in Sources */,
			);
			runOnlyForDeploymentPostprocessing = 0;
		};
/* End PBXSourcesBuildPhase section */

/* Begin PBXVariantGroup section */
		062FDF61257E669B00949D54 /* Home.storyboard */ = {
			isa = PBXVariantGroup;
			children = (
				062FDF62257E669B00949D54 /* Base */,
			);
			name = Home.storyboard;
			sourceTree = "<group>";
		};
/* End PBXVariantGroup section */

/* Begin XCBuildConfiguration section */
		062FDF6A257E669E00949D54 /* Debug */ = {
			isa = XCBuildConfiguration;
			buildSettings = {
				ALWAYS_SEARCH_USER_PATHS = NO;
				CLANG_ANALYZER_NONNULL = YES;
				CLANG_ANALYZER_NUMBER_OBJECT_CONVERSION = YES_AGGRESSIVE;
				CLANG_CXX_LANGUAGE_STANDARD = "gnu++14";
				CLANG_CXX_LIBRARY = "libc++";
				CLANG_ENABLE_MODULES = YES;
				CLANG_ENABLE_OBJC_ARC = YES;
				CLANG_ENABLE_OBJC_WEAK = YES;
				CLANG_WARN_BLOCK_CAPTURE_AUTORELEASING = YES;
				CLANG_WARN_BOOL_CONVERSION = YES;
				CLANG_WARN_COMMA = YES;
				CLANG_WARN_CONSTANT_CONVERSION = YES;
				CLANG_WARN_DEPRECATED_OBJC_IMPLEMENTATIONS = YES;
				CLANG_WARN_DIRECT_OBJC_ISA_USAGE = YES_ERROR;
				CLANG_WARN_DOCUMENTATION_COMMENTS = YES;
				CLANG_WARN_EMPTY_BODY = YES;
				CLANG_WARN_ENUM_CONVERSION = YES;
				CLANG_WARN_INFINITE_RECURSION = YES;
				CLANG_WARN_INT_CONVERSION = YES;
				CLANG_WARN_NON_LITERAL_NULL_CONVERSION = YES;
				CLANG_WARN_OBJC_IMPLICIT_RETAIN_SELF = YES;
				CLANG_WARN_OBJC_LITERAL_CONVERSION = YES;
				CLANG_WARN_OBJC_ROOT_CLASS = YES_ERROR;
				CLANG_WARN_RANGE_LOOP_ANALYSIS = YES;
				CLANG_WARN_STRICT_PROTOTYPES = YES;
				CLANG_WARN_SUSPICIOUS_MOVE = YES;
				CLANG_WARN_UNGUARDED_AVAILABILITY = YES_AGGRESSIVE;
				CLANG_WARN_UNREACHABLE_CODE = YES;
				CLANG_WARN__DUPLICATE_METHOD_MATCH = YES;
				COPY_PHASE_STRIP = NO;
				DEBUG_INFORMATION_FORMAT = dwarf;
				ENABLE_STRICT_OBJC_MSGSEND = YES;
				ENABLE_TESTABILITY = YES;
				GCC_C_LANGUAGE_STANDARD = gnu11;
				GCC_DYNAMIC_NO_PIC = NO;
				GCC_NO_COMMON_BLOCKS = YES;
				GCC_OPTIMIZATION_LEVEL = 0;
				GCC_PREPROCESSOR_DEFINITIONS = (
					"DEBUG=1",
					"$(inherited)",
				);
				GCC_WARN_64_TO_32_BIT_CONVERSION = YES;
				GCC_WARN_ABOUT_RETURN_TYPE = YES_ERROR;
				GCC_WARN_UNDECLARED_SELECTOR = YES;
				GCC_WARN_UNINITIALIZED_AUTOS = YES_AGGRESSIVE;
				GCC_WARN_UNUSED_FUNCTION = YES;
				GCC_WARN_UNUSED_VARIABLE = YES;
				IPHONEOS_DEPLOYMENT_TARGET = 12.0;
				MTL_ENABLE_DEBUG_INFO = INCLUDE_SOURCE;
				MTL_FAST_MATH = YES;
				ONLY_ACTIVE_ARCH = YES;
				SDKROOT = iphoneos;
				SWIFT_ACTIVE_COMPILATION_CONDITIONS = DEBUG;
				SWIFT_OPTIMIZATION_LEVEL = "-Onone";
			};
			name = Debug;
		};
		062FDF6B257E669E00949D54 /* Release */ = {
			isa = XCBuildConfiguration;
			buildSettings = {
				ALWAYS_SEARCH_USER_PATHS = NO;
				CLANG_ANALYZER_NONNULL = YES;
				CLANG_ANALYZER_NUMBER_OBJECT_CONVERSION = YES_AGGRESSIVE;
				CLANG_CXX_LANGUAGE_STANDARD = "gnu++14";
				CLANG_CXX_LIBRARY = "libc++";
				CLANG_ENABLE_MODULES = YES;
				CLANG_ENABLE_OBJC_ARC = YES;
				CLANG_ENABLE_OBJC_WEAK = YES;
				CLANG_WARN_BLOCK_CAPTURE_AUTORELEASING = YES;
				CLANG_WARN_BOOL_CONVERSION = YES;
				CLANG_WARN_COMMA = YES;
				CLANG_WARN_CONSTANT_CONVERSION = YES;
				CLANG_WARN_DEPRECATED_OBJC_IMPLEMENTATIONS = YES;
				CLANG_WARN_DIRECT_OBJC_ISA_USAGE = YES_ERROR;
				CLANG_WARN_DOCUMENTATION_COMMENTS = YES;
				CLANG_WARN_EMPTY_BODY = YES;
				CLANG_WARN_ENUM_CONVERSION = YES;
				CLANG_WARN_INFINITE_RECURSION = YES;
				CLANG_WARN_INT_CONVERSION = YES;
				CLANG_WARN_NON_LITERAL_NULL_CONVERSION = YES;
				CLANG_WARN_OBJC_IMPLICIT_RETAIN_SELF = YES;
				CLANG_WARN_OBJC_LITERAL_CONVERSION = YES;
				CLANG_WARN_OBJC_ROOT_CLASS = YES_ERROR;
				CLANG_WARN_RANGE_LOOP_ANALYSIS = YES;
				CLANG_WARN_STRICT_PROTOTYPES = YES;
				CLANG_WARN_SUSPICIOUS_MOVE = YES;
				CLANG_WARN_UNGUARDED_AVAILABILITY = YES_AGGRESSIVE;
				CLANG_WARN_UNREACHABLE_CODE = YES;
				CLANG_WARN__DUPLICATE_METHOD_MATCH = YES;
				COPY_PHASE_STRIP = NO;
				DEBUG_INFORMATION_FORMAT = "dwarf-with-dsym";
				ENABLE_NS_ASSERTIONS = NO;
				ENABLE_STRICT_OBJC_MSGSEND = YES;
				GCC_C_LANGUAGE_STANDARD = gnu11;
				GCC_NO_COMMON_BLOCKS = YES;
				GCC_WARN_64_TO_32_BIT_CONVERSION = YES;
				GCC_WARN_ABOUT_RETURN_TYPE = YES_ERROR;
				GCC_WARN_UNDECLARED_SELECTOR = YES;
				GCC_WARN_UNINITIALIZED_AUTOS = YES_AGGRESSIVE;
				GCC_WARN_UNUSED_FUNCTION = YES;
				GCC_WARN_UNUSED_VARIABLE = YES;
				IPHONEOS_DEPLOYMENT_TARGET = 12.0;
				MTL_ENABLE_DEBUG_INFO = NO;
				MTL_FAST_MATH = YES;
				SDKROOT = iphoneos;
				SWIFT_COMPILATION_MODE = wholemodule;
				SWIFT_OPTIMIZATION_LEVEL = "-O";
				VALIDATE_PRODUCT = YES;
			};
			name = Release;
		};
		062FDF6D257E669E00949D54 /* Debug */ = {
			isa = XCBuildConfiguration;
			baseConfigurationReference = C60A97CD5B7753B53A601432 /* Pods-IDEHospital.debug.xcconfig */;
			buildSettings = {
				ASSETCATALOG_COMPILER_APPICON_NAME = AppIcon;
				CODE_SIGN_STYLE = Automatic;
				DEVELOPMENT_TEAM = 67KT48MR5B;
				INFOPLIST_FILE = IDEHospital/Info.plist;
				IPHONEOS_DEPLOYMENT_TARGET = 12.0;
				LD_RUNPATH_SEARCH_PATHS = (
					"$(inherited)",
					"@executable_path/Frameworks",
				);
				PRODUCT_BUNDLE_IDENTIFIER = IDEAcademy.AlexIntake4.IDEAHospital;
				PRODUCT_NAME = "$(TARGET_NAME)";
				SWIFT_VERSION = 5.0;
				TARGETED_DEVICE_FAMILY = 1;
			};
			name = Debug;
		};
		062FDF6E257E669E00949D54 /* Release */ = {
			isa = XCBuildConfiguration;
			baseConfigurationReference = 8569C0829D2161F9E9E57603 /* Pods-IDEHospital.release.xcconfig */;
			buildSettings = {
				ASSETCATALOG_COMPILER_APPICON_NAME = AppIcon;
				CODE_SIGN_STYLE = Automatic;
				DEVELOPMENT_TEAM = 67KT48MR5B;
				INFOPLIST_FILE = IDEHospital/Info.plist;
				IPHONEOS_DEPLOYMENT_TARGET = 12.0;
				LD_RUNPATH_SEARCH_PATHS = (
					"$(inherited)",
					"@executable_path/Frameworks",
				);
				PRODUCT_BUNDLE_IDENTIFIER = de.enkano.GartenBauer;
				PRODUCT_NAME = "$(TARGET_NAME)";
				SWIFT_VERSION = 5.0;
				TARGETED_DEVICE_FAMILY = 1;
			};
			name = Release;
		};
/* End XCBuildConfiguration section */

/* Begin XCConfigurationList section */
		062FDF53257E669B00949D54 /* Build configuration list for PBXProject "IDEHospital" */ = {
			isa = XCConfigurationList;
			buildConfigurations = (
				062FDF6A257E669E00949D54 /* Debug */,
				062FDF6B257E669E00949D54 /* Release */,
			);
			defaultConfigurationIsVisible = 0;
			defaultConfigurationName = Release;
		};
		062FDF6C257E669E00949D54 /* Build configuration list for PBXNativeTarget "IDEHospital" */ = {
			isa = XCConfigurationList;
			buildConfigurations = (
				062FDF6D257E669E00949D54 /* Debug */,
				062FDF6E257E669E00949D54 /* Release */,
			);
			defaultConfigurationIsVisible = 0;
			defaultConfigurationName = Release;
		};
/* End XCConfigurationList section */
	};
	rootObject = 062FDF50257E669B00949D54 /* Project object */;
}
